// !$*UTF8*$!
{
	archiveVersion = 1;
	classes = {
	};
	objectVersion = 54;
	objects = {

/* Begin PBXBuildFile section */
		E002F19E29A0F08C0028098C /* DGRequest.m in Sources */ = {isa = PBXBuildFile; fileRef = E002F19D29A0F08C0028098C /* DGRequest.m */; };
		E002F1A229A0F9740028098C /* Review.m in Sources */ = {isa = PBXBuildFile; fileRef = E002F1A129A0F9740028098C /* Review.m */; };
		E0048BD02B810C0B00AE8433 /* main.storyboard in Resources */ = {isa = PBXBuildFile; fileRef = E0048BCF2B810C0B00AE8433 /* main.storyboard */; };
		E005D52B2B7CED4400B4E29A /* ChatView.m in Sources */ = {isa = PBXBuildFile; fileRef = E005D52A2B7CED4400B4E29A /* ChatView.m */; };
		E00654D722A6784000194435 /* Player.m in Sources */ = {isa = PBXBuildFile; fileRef = E00654D622A6784000194435 /* Player.m */; };
		E00A3D832700CB7D008B526B /* NoInternet.m in Sources */ = {isa = PBXBuildFile; fileRef = E00A3D822700CB7D008B526B /* NoInternet.m */; };
		E00EB16921C633580088501C /* Match.m in Sources */ = {isa = PBXBuildFile; fileRef = E00EB16821C633580088501C /* Match.m */; };
		E01955832BA727B100ADF6D0 /* PrivacyInfo.xcprivacy in Resources */ = {isa = PBXBuildFile; fileRef = E01955802BA7279D00ADF6D0 /* PrivacyInfo.xcprivacy */; };
		E01E9DE222761964000399EA /* button_grau.png in Resources */ = {isa = PBXBuildFile; fileRef = E01E9DE122761964000399EA /* button_grau.png */; };
		E02C7BC729C4461E003B6357 /* WaitView.m in Sources */ = {isa = PBXBuildFile; fileRef = E02C7BC629C4461E003B6357 /* WaitView.m */; };
		E035538B29867C93002C820C /* BackgroundTasks.framework in Frameworks */ = {isa = PBXBuildFile; fileRef = E035538A29867C93002C820C /* BackgroundTasks.framework */; };
		E035538D29898798002C820C /* UserNotifications.framework in Frameworks */ = {isa = PBXBuildFile; fileRef = E035538C29898798002C820C /* UserNotifications.framework */; };
		E035538F298987CC002C820C /* NotificationCenter.framework in Frameworks */ = {isa = PBXBuildFile; fileRef = E035538E298987CB002C820C /* NotificationCenter.framework */; };
		E0355393298E775C002C820C /* PlayerLists.m in Sources */ = {isa = PBXBuildFile; fileRef = E0355392298E775C002C820C /* PlayerLists.m */; };
		E038E502273D67050087C4A4 /* RatingTools.m in Sources */ = {isa = PBXBuildFile; fileRef = E038E501273D67050087C4A4 /* RatingTools.m */; };
		E0454ED022104C9300F10E5A /* PreferencesVC.m in Sources */ = {isa = PBXBuildFile; fileRef = E0454ECF22104C9300F10E5A /* PreferencesVC.m */; };
		E05325012271D42A0080D504 /* Tools.m in Sources */ = {isa = PBXBuildFile; fileRef = E05325002271D42A0080D504 /* Tools.m */; };
		E058400E2A4C0FD3005C032C /* RatingCD.m in Sources */ = {isa = PBXBuildFile; fileRef = E058400D2A4C0FD3005C032C /* RatingCD.m */; };
		E058402E2A4EA394005C032C /* DateValueFormatter.m in Sources */ = {isa = PBXBuildFile; fileRef = E058402C2A4EA394005C032C /* DateValueFormatter.m */; };
		E05FB74A2B3EAEFB004EC59F /* MenueView.m in Sources */ = {isa = PBXBuildFile; fileRef = E05FB7492B3EAEFB004EC59F /* MenueView.m */; };
		E060AC9C22A8E2A700D60C39 /* InviteDetail.m in Sources */ = {isa = PBXBuildFile; fileRef = E060AC9B22A8E2A700D60C39 /* InviteDetail.m */; };
		E06E1C5321B717B9003B310F /* SetUpVC.m in Sources */ = {isa = PBXBuildFile; fileRef = E06E1C5221B717B9003B310F /* SetUpVC.m */; };
		E06E1C5721B7B468003B310F /* BoardSchemeVC.m in Sources */ = {isa = PBXBuildFile; fileRef = E06E1C5621B7B468003B310F /* BoardSchemeVC.m */; };
		E06E1C5921B7BD94003B310F /* classic.png in Resources */ = {isa = PBXBuildFile; fileRef = E06E1C5821B7BD94003B310F /* classic.png */; };
		E0763D2922D62DE300EDA562 /* pfeil_up_kreis.png in Resources */ = {isa = PBXBuildFile; fileRef = E0763D2522D62DE100EDA562 /* pfeil_up_kreis.png */; };
		E0763D2A22D62DE300EDA562 /* pfeil_down_kreis.png in Resources */ = {isa = PBXBuildFile; fileRef = E0763D2622D62DE200EDA562 /* pfeil_down_kreis.png */; };
		E0763D2B22D62DE300EDA562 /* pfeil_up.png in Resources */ = {isa = PBXBuildFile; fileRef = E0763D2722D62DE200EDA562 /* pfeil_up.png */; };
		E0763D2C22D62DE300EDA562 /* pfeil_down.png in Resources */ = {isa = PBXBuildFile; fileRef = E0763D2822D62DE300EDA562 /* pfeil_down.png */; };
		E0763D2F22D6506200EDA562 /* PfeilDown.png in Resources */ = {isa = PBXBuildFile; fileRef = E0763D2D22D6506100EDA562 /* PfeilDown.png */; };
		E0763D3022D6506200EDA562 /* PfeilUp.png in Resources */ = {isa = PBXBuildFile; fileRef = E0763D2E22D6506200EDA562 /* PfeilUp.png */; };
		E0763D3422DB0E9600EDA562 /* 01-refresh@2x.png in Resources */ = {isa = PBXBuildFile; fileRef = E0763D3222DB0E9500EDA562 /* 01-refresh@2x.png */; };
		E0763D3522DB0E9600EDA562 /* 01-refresh.png in Resources */ = {isa = PBXBuildFile; fileRef = E0763D3322DB0E9500EDA562 /* 01-refresh.png */; };
		E0777D62294E24DB00712C76 /* BoardElements.m in Sources */ = {isa = PBXBuildFile; fileRef = E0777D61294E24DB00712C76 /* BoardElements.m */; };
		E0777D64294F2B7000712C76 /* metall.jpg in Resources */ = {isa = PBXBuildFile; fileRef = E0777D63294F2B7000712C76 /* metall.jpg */; };
		E07CFA0D21F60BF000A5148F /* rating.sqlite in Resources */ = {isa = PBXBuildFile; fileRef = E0B0515021F4FECE00D91857 /* rating.sqlite */; };
		E081B51D2BBFC7300075CF1C /* TextModulEdit.m in Sources */ = {isa = PBXBuildFile; fileRef = E081B51C2BBFC7300075CF1C /* TextModulEdit.m */; };
		E091B515280156D3000501E8 /* Settings.bundle in Resources */ = {isa = PBXBuildFile; fileRef = E091B514280156D3000501E8 /* Settings.bundle */; };
		E096F5C12A57E89C000C37AB /* Charts.framework in Frameworks */ = {isa = PBXBuildFile; fileRef = E05840292A4E9675005C032C /* Charts.framework */; };
		E096F5C22A57E89C000C37AB /* Charts.framework in Embed Frameworks */ = {isa = PBXBuildFile; fileRef = E05840292A4E9675005C032C /* Charts.framework */; settings = {ATTRIBUTES = (CodeSignOnCopy, RemoveHeadersOnCopy, ); }; };
		E09871E429372B980043DC8A /* GitHub-Mark-32px.png in Resources */ = {isa = PBXBuildFile; fileRef = E09871E329372B980043DC8A /* GitHub-Mark-32px.png */; };
		E09871EA294870E60043DC8A /* MatchTools.m in Sources */ = {isa = PBXBuildFile; fileRef = E09871E9294870E60043DC8A /* MatchTools.m */; };
		E09C007421B042020056D2A2 /* PlayMatch.m in Sources */ = {isa = PBXBuildFile; fileRef = E09C007321B042020056D2A2 /* PlayMatch.m */; };
		E09C009121B2FADB0056D2A2 /* TFHppleElement.m in Sources */ = {isa = PBXBuildFile; fileRef = E09C008C21B2FADB0056D2A2 /* TFHppleElement.m */; };
		E09C009221B2FADB0056D2A2 /* TFHpple.m in Sources */ = {isa = PBXBuildFile; fileRef = E09C008E21B2FADB0056D2A2 /* TFHpple.m */; };
		E09C009321B2FADB0056D2A2 /* XPathQuery.m in Sources */ = {isa = PBXBuildFile; fileRef = E09C009021B2FADB0056D2A2 /* XPathQuery.m */; };
		E09EC1262A4ABA4A00B5543F /* CloudKit.framework in Frameworks */ = {isa = PBXBuildFile; fileRef = E09EC1252A4ABA4A00B5543F /* CloudKit.framework */; };
		E09EC1292A4ABAD600B5543F /* DailyGammon.xcdatamodeld in Sources */ = {isa = PBXBuildFile; fileRef = E09EC1272A4ABAD600B5543F /* DailyGammon.xcdatamodeld */; };
		E0A92D4A273F8BB800008477 /* iCloudOFF.png in Resources */ = {isa = PBXBuildFile; fileRef = E0A92D49273F8BB800008477 /* iCloudOFF.png */; };
		E0A92D4C273F8BCA00008477 /* iCloudON.png in Resources */ = {isa = PBXBuildFile; fileRef = E0A92D4B273F8BCA00008477 /* iCloudON.png */; };
		E0AC594922270F5600367EE9 /* RatingVC.m in Sources */ = {isa = PBXBuildFile; fileRef = E0AC594822270F5500367EE9 /* RatingVC.m */; };
		E0AC594B22270FA900367EE9 /* CoreGraphics.framework in Frameworks */ = {isa = PBXBuildFile; fileRef = E0AC594A22270FA800367EE9 /* CoreGraphics.framework */; };
		E0AC594D22270FB200367EE9 /* QuartzCore.framework in Frameworks */ = {isa = PBXBuildFile; fileRef = E0AC594C22270FB100367EE9 /* QuartzCore.framework */; };
		E0AC59B022283C9000367EE9 /* iPad.storyboard in Resources */ = {isa = PBXBuildFile; fileRef = E0AC59AC22283C8E00367EE9 /* iPad.storyboard */; };
		E0AC59B122283C9000367EE9 /* iPhone.storyboard in Resources */ = {isa = PBXBuildFile; fileRef = E0AC59AE22283C8F00367EE9 /* iPhone.storyboard */; };
		E0AEFC4921FE0CC500CFFB6C /* startscreen.png in Resources */ = {isa = PBXBuildFile; fileRef = E0AEFC4821FE0CC400CFFB6C /* startscreen.png */; };
		E0AEFC4E220420D300CFFB6C /* button_rot.png in Resources */ = {isa = PBXBuildFile; fileRef = E0AEFC4D220420D200CFFB6C /* button_rot.png */; };
		E0AEFC51220578BB00CFFB6C /* button_gruen.png in Resources */ = {isa = PBXBuildFile; fileRef = E0AEFC4F220578B900CFFB6C /* button_gruen.png */; };
		E0AEFC52220578BB00CFFB6C /* button_blau.png in Resources */ = {isa = PBXBuildFile; fileRef = E0AEFC50220578BA00CFFB6C /* button_blau.png */; };
		E0B0514B21F4FCE500D91857 /* libsqlite3.0.tbd in Frameworks */ = {isa = PBXBuildFile; fileRef = E0B0514A21F4FCE500D91857 /* libsqlite3.0.tbd */; };
		E0B0514F21F4FDA200D91857 /* DbConnect.m in Sources */ = {isa = PBXBuildFile; fileRef = E0B0514D21F4FDA100D91857 /* DbConnect.m */; };
		E0BC24632BAEBF3300B554B2 /* PlayerDetail.m in Sources */ = {isa = PBXBuildFile; fileRef = E0BC24622BAEBF3300B554B2 /* PlayerDetail.m */; };
		E0BC24682BB1884500B554B2 /* QuickMessage.m in Sources */ = {isa = PBXBuildFile; fileRef = E0BC24672BB1884500B554B2 /* QuickMessage.m */; };
		E0BC246D2BBD939700B554B2 /* TextModul.m in Sources */ = {isa = PBXBuildFile; fileRef = E0BC246C2BBD939700B554B2 /* TextModul.m */; };
		E0BDCC3321BD140300E8AF25 /* BlueWhite.png in Resources */ = {isa = PBXBuildFile; fileRef = E0BDCC3221BD140300E8AF25 /* BlueWhite.png */; };
		E0BDCC3521BD142B00E8AF25 /* GrayRed.png in Resources */ = {isa = PBXBuildFile; fileRef = E0BDCC3421BD142B00E8AF25 /* GrayRed.png */; };
		E0BDCC3821BE6AE300E8AF25 /* About.m in Sources */ = {isa = PBXBuildFile; fileRef = E0BDCC3721BE6AE300E8AF25 /* About.m */; };
		E0BDCC3A21BE769A00E8AF25 /* BuildInfo.sh in Resources */ = {isa = PBXBuildFile; fileRef = E0BDCC3921BE769900E8AF25 /* BuildInfo.sh */; };
		E0BDCC3E21BEA8F900E8AF25 /* Preferences.m in Sources */ = {isa = PBXBuildFile; fileRef = E0BDCC3D21BEA8F900E8AF25 /* Preferences.m */; };
		E0BDCC4121C185A300E8AF25 /* Rating.m in Sources */ = {isa = PBXBuildFile; fileRef = E0BDCC4021C185A300E8AF25 /* Rating.m */; };
		E0BE3AFB2231194D003A824D /* menue.png in Resources */ = {isa = PBXBuildFile; fileRef = E0BE3AFA2231194C003A824D /* menue.png */; };
		E0BE3B06223A3440003A824D /* StoreKit.framework in Frameworks */ = {isa = PBXBuildFile; fileRef = E0BE3B05223A3440003A824D /* StoreKit.framework */; };
		E0C1D82021E7CCEA00494A82 /* pfeil_gruen.png in Resources */ = {isa = PBXBuildFile; fileRef = E0C1D81A21E7CCE500494A82 /* pfeil_gruen.png */; };
		E0C1D82121E7CCEA00494A82 /* dice_blau.png in Resources */ = {isa = PBXBuildFile; fileRef = E0C1D81B21E7CCE600494A82 /* dice_blau.png */; };
		E0C1D82221E7CCEA00494A82 /* dice_gruen.png in Resources */ = {isa = PBXBuildFile; fileRef = E0C1D81C21E7CCE600494A82 /* dice_gruen.png */; };
		E0C1D82321E7CCEA00494A82 /* pfeil_rot.png in Resources */ = {isa = PBXBuildFile; fileRef = E0C1D81D21E7CCE700494A82 /* pfeil_rot.png */; };
		E0C1D82421E7CCEA00494A82 /* pfeil_blau.png in Resources */ = {isa = PBXBuildFile; fileRef = E0C1D81E21E7CCE800494A82 /* pfeil_blau.png */; };
		E0C1D82521E7CCEA00494A82 /* dice_rot.png in Resources */ = {isa = PBXBuildFile; fileRef = E0C1D81F21E7CCE900494A82 /* dice_rot.png */; };
		E0C1D82C21EB99C400494A82 /* classicHD.png in Resources */ = {isa = PBXBuildFile; fileRef = E0C1D82B21EB99C400494A82 /* classicHD.png */; };
		E0C1D83021EB9F5800494A82 /* app_icon.png in Resources */ = {isa = PBXBuildFile; fileRef = E0C1D82F21EB9F5600494A82 /* app_icon.png */; };
		E0EC955C221A9CF700E31CA0 /* NSCharacterSet+URLQueryValueAllowed.m in Sources */ = {isa = PBXBuildFile; fileRef = E0EC955B221A9CF700E31CA0 /* NSCharacterSet+URLQueryValueAllowed.m */; };
		E0EC955F221A9D5C00E31CA0 /* NSDictionary+PercentEncodeURLQueryValue.m in Sources */ = {isa = PBXBuildFile; fileRef = E0EC955E221A9D5C00E31CA0 /* NSDictionary+PercentEncodeURLQueryValue.m */; };
		E0EE051729D7237C003DEDE8 /* NoBoard.m in Sources */ = {isa = PBXBuildFile; fileRef = E0EE051629D7237C003DEDE8 /* NoBoard.m */; };
		E0F5597B29914B8B00EB5DBE /* Tournament.m in Sources */ = {isa = PBXBuildFile; fileRef = E0F5597A29914B8B00EB5DBE /* Tournament.m */; };
		E0F5597E2994E4CC00EB5DBE /* CellConnector.m in Sources */ = {isa = PBXBuildFile; fileRef = E0F5597D2994E4CC00EB5DBE /* CellConnector.m */; };
		E0F80DC42B58113900678743 /* GameLoungeCV.m in Sources */ = {isa = PBXBuildFile; fileRef = E0F80DC32B58113800678743 /* GameLoungeCV.m */; };
		E0F9588B21AD1688003DAC01 /* AppDelegate.m in Sources */ = {isa = PBXBuildFile; fileRef = E0F9588A21AD1688003DAC01 /* AppDelegate.m */; };
		E0F9588E21AD1688003DAC01 /* LoginVC.m in Sources */ = {isa = PBXBuildFile; fileRef = E0F9588D21AD1688003DAC01 /* LoginVC.m */; };
		E0F9589321AD168B003DAC01 /* Assets.xcassets in Resources */ = {isa = PBXBuildFile; fileRef = E0F9589221AD168B003DAC01 /* Assets.xcassets */; };
		E0F9589621AD168B003DAC01 /* LaunchScreen.storyboard in Resources */ = {isa = PBXBuildFile; fileRef = E0F9589421AD168B003DAC01 /* LaunchScreen.storyboard */; };
		E0F9589921AD168B003DAC01 /* main.m in Sources */ = {isa = PBXBuildFile; fileRef = E0F9589821AD168B003DAC01 /* main.m */; };
		E0F958A221AD1884003DAC01 /* Design.m in Sources */ = {isa = PBXBuildFile; fileRef = E0F958A121AD1884003DAC01 /* Design.m */; };
		E0FA69342964463200D88C26 /* DGButton.m in Sources */ = {isa = PBXBuildFile; fileRef = E0FA69332964463200D88C26 /* DGButton.m */; };
		E0FA69372969CE0900D88C26 /* DGLabel.m in Sources */ = {isa = PBXBuildFile; fileRef = E0FA69362969CE0900D88C26 /* DGLabel.m */; };
		E0FB9E4329AA35BA00E668B9 /* Constants.m in Sources */ = {isa = PBXBuildFile; fileRef = E0FB9E4229AA35B900E668B9 /* Constants.m */; };
		E0FD83532B6A340E003B6DBF /* TopPageCV.m in Sources */ = {isa = PBXBuildFile; fileRef = E0FD83522B6A340E003B6DBF /* TopPageCV.m */; };
		E0FD837D2B6BF4F3003B6DBF /* ReadTopPage.m in Sources */ = {isa = PBXBuildFile; fileRef = E0FD837C2B6BF4F3003B6DBF /* ReadTopPage.m */; };
		E0FD83802B6BFE10003B6DBF /* SortView.m in Sources */ = {isa = PBXBuildFile; fileRef = E0FD837F2B6BFE10003B6DBF /* SortView.m */; };
/* End PBXBuildFile section */

/* Begin PBXContainerItemProxy section */
		E05840282A4E9675005C032C /* PBXContainerItemProxy */ = {
			isa = PBXContainerItemProxy;
			containerPortal = E05840232A4E9675005C032C /* Charts.xcodeproj */;
			proxyType = 2;
			remoteGlobalIDString = 65AD9E95D9ED4DC0BD73A743;
			remoteInfo = Charts;
		};
		E058402A2A4E9675005C032C /* PBXContainerItemProxy */ = {
			isa = PBXContainerItemProxy;
			containerPortal = E05840232A4E9675005C032C /* Charts.xcodeproj */;
			proxyType = 2;
			remoteGlobalIDString = 1CBBC58C6CE1EBEE9852CE41;
			remoteInfo = ChartsTests;
		};
/* End PBXContainerItemProxy section */

/* Begin PBXCopyFilesBuildPhase section */
		E096F5C32A57E89D000C37AB /* Embed Frameworks */ = {
			isa = PBXCopyFilesBuildPhase;
			buildActionMask = 2147483647;
			dstPath = "";
			dstSubfolderSpec = 10;
			files = (
				E096F5C22A57E89C000C37AB /* Charts.framework in Embed Frameworks */,
			);
			name = "Embed Frameworks";
			runOnlyForDeploymentPostprocessing = 0;
		};
/* End PBXCopyFilesBuildPhase section */

/* Begin PBXFileReference section */
		E002F19C29A0F08C0028098C /* DGRequest.h */ = {isa = PBXFileReference; lastKnownFileType = sourcecode.c.h; path = DGRequest.h; sourceTree = "<group>"; };
		E002F19D29A0F08C0028098C /* DGRequest.m */ = {isa = PBXFileReference; lastKnownFileType = sourcecode.c.objc; path = DGRequest.m; sourceTree = "<group>"; };
		E002F1A029A0F9740028098C /* Review.h */ = {isa = PBXFileReference; lastKnownFileType = sourcecode.c.h; path = Review.h; sourceTree = "<group>"; };
		E002F1A129A0F9740028098C /* Review.m */ = {isa = PBXFileReference; lastKnownFileType = sourcecode.c.objc; path = Review.m; sourceTree = "<group>"; };
		E0048BCF2B810C0B00AE8433 /* main.storyboard */ = {isa = PBXFileReference; lastKnownFileType = file.storyboard; path = main.storyboard; sourceTree = "<group>"; };
		E005D5272B7CECFB00B4E29A /* ChatView.h */ = {isa = PBXFileReference; fileEncoding = 4; lastKnownFileType = sourcecode.c.h; path = ChatView.h; sourceTree = "<group>"; };
		E005D52A2B7CED4400B4E29A /* ChatView.m */ = {isa = PBXFileReference; fileEncoding = 4; lastKnownFileType = sourcecode.c.objc; path = ChatView.m; sourceTree = "<group>"; };
		E00654D522A6784000194435 /* Player.h */ = {isa = PBXFileReference; lastKnownFileType = sourcecode.c.h; path = Player.h; sourceTree = "<group>"; };
		E00654D622A6784000194435 /* Player.m */ = {isa = PBXFileReference; lastKnownFileType = sourcecode.c.objc; path = Player.m; sourceTree = "<group>"; };
		E00A3D812700CB7D008B526B /* NoInternet.h */ = {isa = PBXFileReference; fileEncoding = 4; lastKnownFileType = sourcecode.c.h; path = NoInternet.h; sourceTree = "<group>"; };
		E00A3D822700CB7D008B526B /* NoInternet.m */ = {isa = PBXFileReference; fileEncoding = 4; lastKnownFileType = sourcecode.c.objc; path = NoInternet.m; sourceTree = "<group>"; };
		E00EB16721C633580088501C /* Match.h */ = {isa = PBXFileReference; lastKnownFileType = sourcecode.c.h; path = Match.h; sourceTree = "<group>"; };
		E00EB16821C633580088501C /* Match.m */ = {isa = PBXFileReference; lastKnownFileType = sourcecode.c.objc; path = Match.m; sourceTree = "<group>"; };
		E01955802BA7279D00ADF6D0 /* PrivacyInfo.xcprivacy */ = {isa = PBXFileReference; lastKnownFileType = text.xml; path = PrivacyInfo.xcprivacy; sourceTree = "<group>"; };
		E01E9DE122761964000399EA /* button_grau.png */ = {isa = PBXFileReference; lastKnownFileType = image.png; path = button_grau.png; sourceTree = "<group>"; };
		E02C7BC529C4461E003B6357 /* WaitView.h */ = {isa = PBXFileReference; lastKnownFileType = sourcecode.c.h; path = WaitView.h; sourceTree = "<group>"; };
		E02C7BC629C4461E003B6357 /* WaitView.m */ = {isa = PBXFileReference; lastKnownFileType = sourcecode.c.objc; path = WaitView.m; sourceTree = "<group>"; };
		E035538A29867C93002C820C /* BackgroundTasks.framework */ = {isa = PBXFileReference; lastKnownFileType = wrapper.framework; name = BackgroundTasks.framework; path = System/Library/Frameworks/BackgroundTasks.framework; sourceTree = SDKROOT; };
		E035538C29898798002C820C /* UserNotifications.framework */ = {isa = PBXFileReference; lastKnownFileType = wrapper.framework; name = UserNotifications.framework; path = System/Library/Frameworks/UserNotifications.framework; sourceTree = SDKROOT; };
		E035538E298987CB002C820C /* NotificationCenter.framework */ = {isa = PBXFileReference; lastKnownFileType = wrapper.framework; name = NotificationCenter.framework; path = System/Library/Frameworks/NotificationCenter.framework; sourceTree = SDKROOT; };
		E0355391298E7743002C820C /* PlayerLists.h */ = {isa = PBXFileReference; fileEncoding = 4; lastKnownFileType = sourcecode.c.h; path = PlayerLists.h; sourceTree = "<group>"; };
		E0355392298E775C002C820C /* PlayerLists.m */ = {isa = PBXFileReference; fileEncoding = 4; lastKnownFileType = sourcecode.c.objc; path = PlayerLists.m; sourceTree = "<group>"; };
		E038E4FF273D40930087C4A4 /* DailyGammon.entitlements */ = {isa = PBXFileReference; lastKnownFileType = text.plist.entitlements; path = DailyGammon.entitlements; sourceTree = "<group>"; };
		E038E500273D67050087C4A4 /* RatingTools.h */ = {isa = PBXFileReference; lastKnownFileType = sourcecode.c.h; path = RatingTools.h; sourceTree = "<group>"; };
		E038E501273D67050087C4A4 /* RatingTools.m */ = {isa = PBXFileReference; lastKnownFileType = sourcecode.c.objc; path = RatingTools.m; sourceTree = "<group>"; };
		E0454ECE22104C9300F10E5A /* PreferencesVC.h */ = {isa = PBXFileReference; lastKnownFileType = sourcecode.c.h; path = PreferencesVC.h; sourceTree = "<group>"; };
		E0454ECF22104C9300F10E5A /* PreferencesVC.m */ = {isa = PBXFileReference; lastKnownFileType = sourcecode.c.objc; path = PreferencesVC.m; sourceTree = "<group>"; };
		E05324FF2271D40C0080D504 /* Tools.h */ = {isa = PBXFileReference; lastKnownFileType = sourcecode.c.h; path = Tools.h; sourceTree = "<group>"; };
		E05325002271D42A0080D504 /* Tools.m */ = {isa = PBXFileReference; fileEncoding = 4; lastKnownFileType = sourcecode.c.objc; path = Tools.m; sourceTree = "<group>"; };
		E058400C2A4C0FD3005C032C /* RatingCD.h */ = {isa = PBXFileReference; lastKnownFileType = sourcecode.c.h; path = RatingCD.h; sourceTree = "<group>"; };
		E058400D2A4C0FD3005C032C /* RatingCD.m */ = {isa = PBXFileReference; lastKnownFileType = sourcecode.c.objc; path = RatingCD.m; sourceTree = "<group>"; };
		E05840232A4E9675005C032C /* Charts.xcodeproj */ = {isa = PBXFileReference; lastKnownFileType = "wrapper.pb-project"; path = Charts.xcodeproj; sourceTree = SOURCE_ROOT; };
		E058402C2A4EA394005C032C /* DateValueFormatter.m */ = {isa = PBXFileReference; fileEncoding = 4; lastKnownFileType = sourcecode.c.objc; path = DateValueFormatter.m; sourceTree = "<group>"; };
		E058402D2A4EA394005C032C /* DateValueFormatter.h */ = {isa = PBXFileReference; fileEncoding = 4; lastKnownFileType = sourcecode.c.h; path = DateValueFormatter.h; sourceTree = "<group>"; };
		E05FB7482B3EAEFB004EC59F /* MenueView.h */ = {isa = PBXFileReference; lastKnownFileType = sourcecode.c.h; path = MenueView.h; sourceTree = "<group>"; };
		E05FB7492B3EAEFB004EC59F /* MenueView.m */ = {isa = PBXFileReference; lastKnownFileType = sourcecode.c.objc; path = MenueView.m; sourceTree = "<group>"; };
		E060AC9A22A8E2A700D60C39 /* InviteDetail.h */ = {isa = PBXFileReference; lastKnownFileType = sourcecode.c.h; path = InviteDetail.h; sourceTree = "<group>"; };
		E060AC9B22A8E2A700D60C39 /* InviteDetail.m */ = {isa = PBXFileReference; lastKnownFileType = sourcecode.c.objc; path = InviteDetail.m; sourceTree = "<group>"; };
		E06E1C5121B717B8003B310F /* SetUpVC.h */ = {isa = PBXFileReference; lastKnownFileType = sourcecode.c.h; path = SetUpVC.h; sourceTree = "<group>"; };
		E06E1C5221B717B9003B310F /* SetUpVC.m */ = {isa = PBXFileReference; lastKnownFileType = sourcecode.c.objc; path = SetUpVC.m; sourceTree = "<group>"; };
		E06E1C5521B7B468003B310F /* BoardSchemeVC.h */ = {isa = PBXFileReference; lastKnownFileType = sourcecode.c.h; path = BoardSchemeVC.h; sourceTree = "<group>"; };
		E06E1C5621B7B468003B310F /* BoardSchemeVC.m */ = {isa = PBXFileReference; lastKnownFileType = sourcecode.c.objc; path = BoardSchemeVC.m; sourceTree = "<group>"; };
		E06E1C5821B7BD94003B310F /* classic.png */ = {isa = PBXFileReference; lastKnownFileType = image.png; path = classic.png; sourceTree = "<group>"; };
		E0763D2522D62DE100EDA562 /* pfeil_up_kreis.png */ = {isa = PBXFileReference; lastKnownFileType = image.png; path = pfeil_up_kreis.png; sourceTree = "<group>"; };
		E0763D2622D62DE200EDA562 /* pfeil_down_kreis.png */ = {isa = PBXFileReference; lastKnownFileType = image.png; path = pfeil_down_kreis.png; sourceTree = "<group>"; };
		E0763D2722D62DE200EDA562 /* pfeil_up.png */ = {isa = PBXFileReference; lastKnownFileType = image.png; path = pfeil_up.png; sourceTree = "<group>"; };
		E0763D2822D62DE300EDA562 /* pfeil_down.png */ = {isa = PBXFileReference; lastKnownFileType = image.png; path = pfeil_down.png; sourceTree = "<group>"; };
		E0763D2D22D6506100EDA562 /* PfeilDown.png */ = {isa = PBXFileReference; lastKnownFileType = image.png; path = PfeilDown.png; sourceTree = "<group>"; };
		E0763D2E22D6506200EDA562 /* PfeilUp.png */ = {isa = PBXFileReference; lastKnownFileType = image.png; path = PfeilUp.png; sourceTree = "<group>"; };
		E0763D3222DB0E9500EDA562 /* 01-refresh@2x.png */ = {isa = PBXFileReference; lastKnownFileType = image.png; path = "01-refresh@2x.png"; sourceTree = "<group>"; };
		E0763D3322DB0E9500EDA562 /* 01-refresh.png */ = {isa = PBXFileReference; lastKnownFileType = image.png; path = "01-refresh.png"; sourceTree = "<group>"; };
		E0777D60294E24DB00712C76 /* BoardElements.h */ = {isa = PBXFileReference; lastKnownFileType = sourcecode.c.h; path = BoardElements.h; sourceTree = "<group>"; };
		E0777D61294E24DB00712C76 /* BoardElements.m */ = {isa = PBXFileReference; lastKnownFileType = sourcecode.c.objc; path = BoardElements.m; sourceTree = "<group>"; };
		E0777D63294F2B7000712C76 /* metall.jpg */ = {isa = PBXFileReference; lastKnownFileType = image.jpeg; path = metall.jpg; sourceTree = "<group>"; };
		E081B51B2BBFC7300075CF1C /* TextModulEdit.h */ = {isa = PBXFileReference; lastKnownFileType = sourcecode.c.h; path = TextModulEdit.h; sourceTree = "<group>"; };
		E081B51C2BBFC7300075CF1C /* TextModulEdit.m */ = {isa = PBXFileReference; lastKnownFileType = sourcecode.c.objc; path = TextModulEdit.m; sourceTree = "<group>"; };
		E091B514280156D3000501E8 /* Settings.bundle */ = {isa = PBXFileReference; lastKnownFileType = "wrapper.plug-in"; path = Settings.bundle; sourceTree = "<group>"; };
		E09871E329372B980043DC8A /* GitHub-Mark-32px.png */ = {isa = PBXFileReference; lastKnownFileType = image.png; path = "GitHub-Mark-32px.png"; sourceTree = "<group>"; };
		E09871E629448DA90043DC8A /* ConstantsMatch.h */ = {isa = PBXFileReference; lastKnownFileType = sourcecode.c.h; path = ConstantsMatch.h; sourceTree = "<group>"; };
		E09871E8294870E60043DC8A /* MatchTools.h */ = {isa = PBXFileReference; lastKnownFileType = sourcecode.c.h; path = MatchTools.h; sourceTree = "<group>"; };
		E09871E9294870E60043DC8A /* MatchTools.m */ = {isa = PBXFileReference; lastKnownFileType = sourcecode.c.objc; path = MatchTools.m; sourceTree = "<group>"; };
		E09C007221B042020056D2A2 /* PlayMatch.h */ = {isa = PBXFileReference; lastKnownFileType = sourcecode.c.h; path = PlayMatch.h; sourceTree = "<group>"; };
		E09C007321B042020056D2A2 /* PlayMatch.m */ = {isa = PBXFileReference; lastKnownFileType = sourcecode.c.objc; path = PlayMatch.m; sourceTree = "<group>"; };
		E09C008921B13E000056D2A2 /* PrefixHeader.pch */ = {isa = PBXFileReference; lastKnownFileType = sourcecode.c.h; path = PrefixHeader.pch; sourceTree = "<group>"; };
		E09C008B21B2FADB0056D2A2 /* TFHppleElement.h */ = {isa = PBXFileReference; fileEncoding = 4; lastKnownFileType = sourcecode.c.h; path = TFHppleElement.h; sourceTree = "<group>"; };
		E09C008C21B2FADB0056D2A2 /* TFHppleElement.m */ = {isa = PBXFileReference; fileEncoding = 4; lastKnownFileType = sourcecode.c.objc; path = TFHppleElement.m; sourceTree = "<group>"; };
		E09C008D21B2FADB0056D2A2 /* XPathQuery.h */ = {isa = PBXFileReference; fileEncoding = 4; lastKnownFileType = sourcecode.c.h; path = XPathQuery.h; sourceTree = "<group>"; };
		E09C008E21B2FADB0056D2A2 /* TFHpple.m */ = {isa = PBXFileReference; fileEncoding = 4; lastKnownFileType = sourcecode.c.objc; path = TFHpple.m; sourceTree = "<group>"; };
		E09C008F21B2FADB0056D2A2 /* TFHpple.h */ = {isa = PBXFileReference; fileEncoding = 4; lastKnownFileType = sourcecode.c.h; path = TFHpple.h; sourceTree = "<group>"; };
		E09C009021B2FADB0056D2A2 /* XPathQuery.m */ = {isa = PBXFileReference; fileEncoding = 4; lastKnownFileType = sourcecode.c.objc; path = XPathQuery.m; sourceTree = "<group>"; };
		E09EC1252A4ABA4A00B5543F /* CloudKit.framework */ = {isa = PBXFileReference; lastKnownFileType = wrapper.framework; name = CloudKit.framework; path = System/Library/Frameworks/CloudKit.framework; sourceTree = SDKROOT; };
		E09EC1282A4ABAD600B5543F /* Model.xcdatamodel */ = {isa = PBXFileReference; lastKnownFileType = wrapper.xcdatamodel; path = Model.xcdatamodel; sourceTree = "<group>"; };
		E0A92D49273F8BB800008477 /* iCloudOFF.png */ = {isa = PBXFileReference; lastKnownFileType = image.png; path = iCloudOFF.png; sourceTree = "<group>"; };
		E0A92D4B273F8BCA00008477 /* iCloudON.png */ = {isa = PBXFileReference; lastKnownFileType = image.png; path = iCloudON.png; sourceTree = "<group>"; };
		E0AC594722270F5500367EE9 /* RatingVC.h */ = {isa = PBXFileReference; fileEncoding = 4; lastKnownFileType = sourcecode.c.h; path = RatingVC.h; sourceTree = "<group>"; };
		E0AC594822270F5500367EE9 /* RatingVC.m */ = {isa = PBXFileReference; fileEncoding = 4; lastKnownFileType = sourcecode.c.objc; path = RatingVC.m; sourceTree = "<group>"; };
		E0AC594A22270FA800367EE9 /* CoreGraphics.framework */ = {isa = PBXFileReference; lastKnownFileType = wrapper.framework; name = CoreGraphics.framework; path = System/Library/Frameworks/CoreGraphics.framework; sourceTree = SDKROOT; };
		E0AC594C22270FB100367EE9 /* QuartzCore.framework */ = {isa = PBXFileReference; lastKnownFileType = wrapper.framework; name = QuartzCore.framework; path = System/Library/Frameworks/QuartzCore.framework; sourceTree = SDKROOT; };
		E0AC5950222710FF00367EE9 /* CPTGradient.h */ = {isa = PBXFileReference; fileEncoding = 4; lastKnownFileType = sourcecode.c.h; path = CPTGradient.h; sourceTree = "<group>"; };
		E0AC5951222710FF00367EE9 /* CPTPlatformSpecificDefines.h */ = {isa = PBXFileReference; fileEncoding = 4; lastKnownFileType = sourcecode.c.h; path = CPTPlatformSpecificDefines.h; sourceTree = "<group>"; };
		E0AC5952222710FF00367EE9 /* CPTAnimation.h */ = {isa = PBXFileReference; fileEncoding = 4; lastKnownFileType = sourcecode.c.h; path = CPTAnimation.h; sourceTree = "<group>"; };
		E0AC5953222710FF00367EE9 /* CPTDefinitions.h */ = {isa = PBXFileReference; fileEncoding = 4; lastKnownFileType = sourcecode.c.h; path = CPTDefinitions.h; sourceTree = "<group>"; };
		E0AC5954222710FF00367EE9 /* CPTGraphHostingView.h */ = {isa = PBXFileReference; fileEncoding = 4; lastKnownFileType = sourcecode.c.h; path = CPTGraphHostingView.h; sourceTree = "<group>"; };
		E0AC5955222710FF00367EE9 /* CPTPieChart.h */ = {isa = PBXFileReference; fileEncoding = 4; lastKnownFileType = sourcecode.c.h; path = CPTPieChart.h; sourceTree = "<group>"; };
		E0AC5956222710FF00367EE9 /* CPTGridLineGroup.h */ = {isa = PBXFileReference; fileEncoding = 4; lastKnownFileType = sourcecode.c.h; path = CPTGridLineGroup.h; sourceTree = "<group>"; };
		E0AC5957222710FF00367EE9 /* CPTLineStyle.h */ = {isa = PBXFileReference; fileEncoding = 4; lastKnownFileType = sourcecode.c.h; path = CPTLineStyle.h; sourceTree = "<group>"; };
		E0AC5958222710FF00367EE9 /* CPTDerivedXYGraph.h */ = {isa = PBXFileReference; fileEncoding = 4; lastKnownFileType = sourcecode.c.h; path = CPTDerivedXYGraph.h; sourceTree = "<group>"; };
		E0AC5959222710FF00367EE9 /* CPTPlotGroup.h */ = {isa = PBXFileReference; fileEncoding = 4; lastKnownFileType = sourcecode.c.h; path = CPTPlotGroup.h; sourceTree = "<group>"; };
		E0AC595A222710FF00367EE9 /* CPTNumericData.h */ = {isa = PBXFileReference; fileEncoding = 4; lastKnownFileType = sourcecode.c.h; path = CPTNumericData.h; sourceTree = "<group>"; };
		E0AC595B222710FF00367EE9 /* CPTRangePlot.h */ = {isa = PBXFileReference; fileEncoding = 4; lastKnownFileType = sourcecode.c.h; path = CPTRangePlot.h; sourceTree = "<group>"; };
		E0AC595C222710FF00367EE9 /* CPTLayer.h */ = {isa = PBXFileReference; fileEncoding = 4; lastKnownFileType = sourcecode.c.h; path = CPTLayer.h; sourceTree = "<group>"; };
		E0AC595D222710FF00367EE9 /* CPTAnnotation.h */ = {isa = PBXFileReference; fileEncoding = 4; lastKnownFileType = sourcecode.c.h; path = CPTAnnotation.h; sourceTree = "<group>"; };
		E0AC595E222710FF00367EE9 /* CPTAnimationPeriod.h */ = {isa = PBXFileReference; fileEncoding = 4; lastKnownFileType = sourcecode.c.h; path = CPTAnimationPeriod.h; sourceTree = "<group>"; };
		E0AC595F222710FF00367EE9 /* CPTAxisLabelGroup.h */ = {isa = PBXFileReference; fileEncoding = 4; lastKnownFileType = sourcecode.c.h; path = CPTAxisLabelGroup.h; sourceTree = "<group>"; };
		E0AC5960222710FF00367EE9 /* CPTColor.h */ = {isa = PBXFileReference; fileEncoding = 4; lastKnownFileType = sourcecode.c.h; path = CPTColor.h; sourceTree = "<group>"; };
		E0AC5961222710FF00367EE9 /* CPTGraph.h */ = {isa = PBXFileReference; fileEncoding = 4; lastKnownFileType = sourcecode.c.h; path = CPTGraph.h; sourceTree = "<group>"; };
		E0AC5962222710FF00367EE9 /* CPTLayerAnnotation.h */ = {isa = PBXFileReference; fileEncoding = 4; lastKnownFileType = sourcecode.c.h; path = CPTLayerAnnotation.h; sourceTree = "<group>"; };
		E0AC5963222710FF00367EE9 /* CPTLimitBand.h */ = {isa = PBXFileReference; fileEncoding = 4; lastKnownFileType = sourcecode.c.h; path = CPTLimitBand.h; sourceTree = "<group>"; };
		E0AC5964222710FF00367EE9 /* CPTTradingRangePlot.h */ = {isa = PBXFileReference; fileEncoding = 4; lastKnownFileType = sourcecode.c.h; path = CPTTradingRangePlot.h; sourceTree = "<group>"; };
		E0AC5965222710FF00367EE9 /* CPTXYAxis.h */ = {isa = PBXFileReference; fileEncoding = 4; lastKnownFileType = sourcecode.c.h; path = CPTXYAxis.h; sourceTree = "<group>"; };
		E0AC5966222710FF00367EE9 /* CorePlot-CocoaTouch.h */ = {isa = PBXFileReference; fileEncoding = 4; lastKnownFileType = sourcecode.c.h; path = "CorePlot-CocoaTouch.h"; sourceTree = "<group>"; };
		E0AC5967222710FF00367EE9 /* CPTUtilities.h */ = {isa = PBXFileReference; fileEncoding = 4; lastKnownFileType = sourcecode.c.h; path = CPTUtilities.h; sourceTree = "<group>"; };
		E0AC5968222710FF00367EE9 /* CPTLegendEntry.h */ = {isa = PBXFileReference; fileEncoding = 4; lastKnownFileType = sourcecode.c.h; path = CPTLegendEntry.h; sourceTree = "<group>"; };
		E0AC5969222710FF00367EE9 /* CPTNumericDataType.h */ = {isa = PBXFileReference; fileEncoding = 4; lastKnownFileType = sourcecode.c.h; path = CPTNumericDataType.h; sourceTree = "<group>"; };
		E0AC596A222710FF00367EE9 /* CPTMutableLineStyle.h */ = {isa = PBXFileReference; fileEncoding = 4; lastKnownFileType = sourcecode.c.h; path = CPTMutableLineStyle.h; sourceTree = "<group>"; };
		E0AC596B222710FF00367EE9 /* CPTPlatformSpecificFunctions.h */ = {isa = PBXFileReference; fileEncoding = 4; lastKnownFileType = sourcecode.c.h; path = CPTPlatformSpecificFunctions.h; sourceTree = "<group>"; };
		E0AC596C222710FF00367EE9 /* CPTAnnotationHostLayer.h */ = {isa = PBXFileReference; fileEncoding = 4; lastKnownFileType = sourcecode.c.h; path = CPTAnnotationHostLayer.h; sourceTree = "<group>"; };
		E0AC596D222710FF00367EE9 /* CPTAxisTitle.h */ = {isa = PBXFileReference; fileEncoding = 4; lastKnownFileType = sourcecode.c.h; path = CPTAxisTitle.h; sourceTree = "<group>"; };
		E0AC596E222710FF00367EE9 /* CPTTheme.h */ = {isa = PBXFileReference; fileEncoding = 4; lastKnownFileType = sourcecode.c.h; path = CPTTheme.h; sourceTree = "<group>"; };
		E0AC596F222710FF00367EE9 /* CPTShadow.h */ = {isa = PBXFileReference; fileEncoding = 4; lastKnownFileType = sourcecode.c.h; path = CPTShadow.h; sourceTree = "<group>"; };
		E0AC5970222710FF00367EE9 /* CPTFunctionDataSource.h */ = {isa = PBXFileReference; fileEncoding = 4; lastKnownFileType = sourcecode.c.h; path = CPTFunctionDataSource.h; sourceTree = "<group>"; };
		E0AC5971222710FF00367EE9 /* CPTXYGraph.h */ = {isa = PBXFileReference; fileEncoding = 4; lastKnownFileType = sourcecode.c.h; path = CPTXYGraph.h; sourceTree = "<group>"; };
		E0AC5972222710FF00367EE9 /* CPTMutableShadow.h */ = {isa = PBXFileReference; fileEncoding = 4; lastKnownFileType = sourcecode.c.h; path = CPTMutableShadow.h; sourceTree = "<group>"; };
		E0AC5973222710FF00367EE9 /* CPTPlatformSpecificCategories.h */ = {isa = PBXFileReference; fileEncoding = 4; lastKnownFileType = sourcecode.c.h; path = CPTPlatformSpecificCategories.h; sourceTree = "<group>"; };
		E0AC5974222710FF00367EE9 /* CPTAxisSet.h */ = {isa = PBXFileReference; fileEncoding = 4; lastKnownFileType = sourcecode.c.h; path = CPTAxisSet.h; sourceTree = "<group>"; };
		E0AC5975222710FF00367EE9 /* CPTAxisLabel.h */ = {isa = PBXFileReference; fileEncoding = 4; lastKnownFileType = sourcecode.c.h; path = CPTAxisLabel.h; sourceTree = "<group>"; };
		E0AC5976222710FF00367EE9 /* CPTScatterPlot.h */ = {isa = PBXFileReference; fileEncoding = 4; lastKnownFileType = sourcecode.c.h; path = CPTScatterPlot.h; sourceTree = "<group>"; };
		E0AC5977222710FF00367EE9 /* CPTTextStylePlatformSpecific.h */ = {isa = PBXFileReference; fileEncoding = 4; lastKnownFileType = sourcecode.c.h; path = CPTTextStylePlatformSpecific.h; sourceTree = "<group>"; };
		E0AC5978222710FF00367EE9 /* CPTPlotAreaFrame.h */ = {isa = PBXFileReference; fileEncoding = 4; lastKnownFileType = sourcecode.c.h; path = CPTPlotAreaFrame.h; sourceTree = "<group>"; };
		E0AC5979222710FF00367EE9 /* CPTColorSpace.h */ = {isa = PBXFileReference; fileEncoding = 4; lastKnownFileType = sourcecode.c.h; path = CPTColorSpace.h; sourceTree = "<group>"; };
		E0AC597A222710FF00367EE9 /* NSNumberExtensions.h */ = {isa = PBXFileReference; fileEncoding = 4; lastKnownFileType = sourcecode.c.h; path = NSNumberExtensions.h; sourceTree = "<group>"; };
		E0AC597B222710FF00367EE9 /* CPTDataSourceTestCase.h */ = {isa = PBXFileReference; fileEncoding = 4; lastKnownFileType = sourcecode.c.h; path = CPTDataSourceTestCase.h; sourceTree = "<group>"; };
		E0AC597C222710FF00367EE9 /* CPTPlotSymbol.h */ = {isa = PBXFileReference; fileEncoding = 4; lastKnownFileType = sourcecode.c.h; path = CPTPlotSymbol.h; sourceTree = "<group>"; };
		E0AC597D222710FF00367EE9 /* CPTMutableTextStyle.h */ = {isa = PBXFileReference; fileEncoding = 4; lastKnownFileType = sourcecode.c.h; path = CPTMutableTextStyle.h; sourceTree = "<group>"; };
		E0AC597E222710FF00367EE9 /* CPTExceptions.h */ = {isa = PBXFileReference; fileEncoding = 4; lastKnownFileType = sourcecode.c.h; path = CPTExceptions.h; sourceTree = "<group>"; };
		E0AC597F222710FF00367EE9 /* CPTPlotRange.h */ = {isa = PBXFileReference; fileEncoding = 4; lastKnownFileType = sourcecode.c.h; path = CPTPlotRange.h; sourceTree = "<group>"; };
		E0AC5980222710FF00367EE9 /* CPTImage.h */ = {isa = PBXFileReference; fileEncoding = 4; lastKnownFileType = sourcecode.c.h; path = CPTImage.h; sourceTree = "<group>"; };
		E0AC5981222710FF00367EE9 /* mainpage.h */ = {isa = PBXFileReference; fileEncoding = 4; lastKnownFileType = sourcecode.c.h; path = mainpage.h; sourceTree = "<group>"; };
		E0AC5982222710FF00367EE9 /* CPTPlotSpace.h */ = {isa = PBXFileReference; fileEncoding = 4; lastKnownFileType = sourcecode.c.h; path = CPTPlotSpace.h; sourceTree = "<group>"; };
		E0AC5983222710FF00367EE9 /* CPTTextLayer.h */ = {isa = PBXFileReference; fileEncoding = 4; lastKnownFileType = sourcecode.c.h; path = CPTTextLayer.h; sourceTree = "<group>"; };
		E0AC5984222710FF00367EE9 /* CPTConstraints.h */ = {isa = PBXFileReference; fileEncoding = 4; lastKnownFileType = sourcecode.c.h; path = CPTConstraints.h; sourceTree = "<group>"; };
		E0AC5985222710FF00367EE9 /* CPTLegend.h */ = {isa = PBXFileReference; fileEncoding = 4; lastKnownFileType = sourcecode.c.h; path = CPTLegend.h; sourceTree = "<group>"; };
		E0AC5986222710FF00367EE9 /* CPTPlotSpaceAnnotation.h */ = {isa = PBXFileReference; fileEncoding = 4; lastKnownFileType = sourcecode.c.h; path = CPTPlotSpaceAnnotation.h; sourceTree = "<group>"; };
		E0AC5987222710FF00367EE9 /* CPTCalendarFormatter.h */ = {isa = PBXFileReference; fileEncoding = 4; lastKnownFileType = sourcecode.c.h; path = CPTCalendarFormatter.h; sourceTree = "<group>"; };
		E0AC5988222710FF00367EE9 /* CPTTestCase.h */ = {isa = PBXFileReference; fileEncoding = 4; lastKnownFileType = sourcecode.c.h; path = CPTTestCase.h; sourceTree = "<group>"; };
		E0AC5989222710FF00367EE9 /* CPTMutablePlotRange.h */ = {isa = PBXFileReference; fileEncoding = 4; lastKnownFileType = sourcecode.c.h; path = CPTMutablePlotRange.h; sourceTree = "<group>"; };
		E0AC598A222710FF00367EE9 /* CPTAnimationOperation.h */ = {isa = PBXFileReference; fileEncoding = 4; lastKnownFileType = sourcecode.c.h; path = CPTAnimationOperation.h; sourceTree = "<group>"; };
		E0AC598B222710FF00367EE9 /* CPTBarPlot.h */ = {isa = PBXFileReference; fileEncoding = 4; lastKnownFileType = sourcecode.c.h; path = CPTBarPlot.h; sourceTree = "<group>"; };
		E0AC598C222710FF00367EE9 /* CPTXYAxisSet.h */ = {isa = PBXFileReference; fileEncoding = 4; lastKnownFileType = sourcecode.c.h; path = CPTXYAxisSet.h; sourceTree = "<group>"; };
		E0AC598D222710FF00367EE9 /* CPTPathExtensions.h */ = {isa = PBXFileReference; fileEncoding = 4; lastKnownFileType = sourcecode.c.h; path = CPTPathExtensions.h; sourceTree = "<group>"; };
		E0AC598E222710FF00367EE9 /* NSDecimalNumberExtensions.h */ = {isa = PBXFileReference; fileEncoding = 4; lastKnownFileType = sourcecode.c.h; path = NSDecimalNumberExtensions.h; sourceTree = "<group>"; };
		E0AC598F222710FF00367EE9 /* CPTPlotArea.h */ = {isa = PBXFileReference; fileEncoding = 4; lastKnownFileType = sourcecode.c.h; path = CPTPlotArea.h; sourceTree = "<group>"; };
		E0AC5990222710FF00367EE9 /* NSCoderExtensions.h */ = {isa = PBXFileReference; fileEncoding = 4; lastKnownFileType = sourcecode.c.h; path = NSCoderExtensions.h; sourceTree = "<group>"; };
		E0AC5991222710FF00367EE9 /* CPTTextStyle.h */ = {isa = PBXFileReference; fileEncoding = 4; lastKnownFileType = sourcecode.c.h; path = CPTTextStyle.h; sourceTree = "<group>"; };
		E0AC5992222710FF00367EE9 /* CPTMutableNumericData+TypeConversion.h */ = {isa = PBXFileReference; fileEncoding = 4; lastKnownFileType = sourcecode.c.h; path = "CPTMutableNumericData+TypeConversion.h"; sourceTree = "<group>"; };
		E0AC5993222710FF00367EE9 /* CPTTimeFormatter.h */ = {isa = PBXFileReference; fileEncoding = 4; lastKnownFileType = sourcecode.c.h; path = CPTTimeFormatter.h; sourceTree = "<group>"; };
		E0AC5994222710FF00367EE9 /* CPTAxis.h */ = {isa = PBXFileReference; fileEncoding = 4; lastKnownFileType = sourcecode.c.h; path = CPTAxis.h; sourceTree = "<group>"; };
		E0AC59952227110000367EE9 /* CPTMutableNumericData.h */ = {isa = PBXFileReference; fileEncoding = 4; lastKnownFileType = sourcecode.c.h; path = CPTMutableNumericData.h; sourceTree = "<group>"; };
		E0AC59962227110000367EE9 /* CPTGridLines.h */ = {isa = PBXFileReference; fileEncoding = 4; lastKnownFileType = sourcecode.c.h; path = CPTGridLines.h; sourceTree = "<group>"; };
		E0AC59972227110000367EE9 /* CPTFill.h */ = {isa = PBXFileReference; fileEncoding = 4; lastKnownFileType = sourcecode.c.h; path = CPTFill.h; sourceTree = "<group>"; };
		E0AC59982227110000367EE9 /* CPTPlot.h */ = {isa = PBXFileReference; fileEncoding = 4; lastKnownFileType = sourcecode.c.h; path = CPTPlot.h; sourceTree = "<group>"; };
		E0AC59992227110000367EE9 /* CPTNumericData+TypeConversion.h */ = {isa = PBXFileReference; fileEncoding = 4; lastKnownFileType = sourcecode.c.h; path = "CPTNumericData+TypeConversion.h"; sourceTree = "<group>"; };
		E0AC599A2227110000367EE9 /* CPTResponder.h */ = {isa = PBXFileReference; fileEncoding = 4; lastKnownFileType = sourcecode.c.h; path = CPTResponder.h; sourceTree = "<group>"; };
		E0AC599B2227110000367EE9 /* CPTLineCap.h */ = {isa = PBXFileReference; fileEncoding = 4; lastKnownFileType = sourcecode.c.h; path = CPTLineCap.h; sourceTree = "<group>"; };
		E0AC599C2227110000367EE9 /* CPTXYPlotSpace.h */ = {isa = PBXFileReference; fileEncoding = 4; lastKnownFileType = sourcecode.c.h; path = CPTXYPlotSpace.h; sourceTree = "<group>"; };
		E0AC599D2227110000367EE9 /* CPTBorderedLayer.h */ = {isa = PBXFileReference; fileEncoding = 4; lastKnownFileType = sourcecode.c.h; path = CPTBorderedLayer.h; sourceTree = "<group>"; };
		E0AC599E2227110000367EE9 /* libCorePlot-CocoaTouch.a */ = {isa = PBXFileReference; lastKnownFileType = archive.ar; path = "libCorePlot-CocoaTouch.a"; sourceTree = "<group>"; };
		E0AC59AD22283C8E00367EE9 /* Base */ = {isa = PBXFileReference; lastKnownFileType = file.storyboard; name = Base; path = Base.lproj/iPad.storyboard; sourceTree = "<group>"; };
		E0AC59AF22283C8F00367EE9 /* Base */ = {isa = PBXFileReference; lastKnownFileType = file.storyboard; name = Base; path = Base.lproj/iPhone.storyboard; sourceTree = "<group>"; };
		E0AEFC4821FE0CC400CFFB6C /* startscreen.png */ = {isa = PBXFileReference; lastKnownFileType = image.png; path = startscreen.png; sourceTree = "<group>"; };
		E0AEFC4D220420D200CFFB6C /* button_rot.png */ = {isa = PBXFileReference; lastKnownFileType = image.png; path = button_rot.png; sourceTree = "<group>"; };
		E0AEFC4F220578B900CFFB6C /* button_gruen.png */ = {isa = PBXFileReference; lastKnownFileType = image.png; path = button_gruen.png; sourceTree = "<group>"; };
		E0AEFC50220578BA00CFFB6C /* button_blau.png */ = {isa = PBXFileReference; lastKnownFileType = image.png; path = button_blau.png; sourceTree = "<group>"; };
		E0B0514A21F4FCE500D91857 /* libsqlite3.0.tbd */ = {isa = PBXFileReference; lastKnownFileType = "sourcecode.text-based-dylib-definition"; name = libsqlite3.0.tbd; path = usr/lib/libsqlite3.0.tbd; sourceTree = SDKROOT; };
		E0B0514D21F4FDA100D91857 /* DbConnect.m */ = {isa = PBXFileReference; fileEncoding = 4; lastKnownFileType = sourcecode.c.objc; path = DbConnect.m; sourceTree = "<group>"; };
		E0B0514E21F4FDA200D91857 /* DbConnect.h */ = {isa = PBXFileReference; fileEncoding = 4; lastKnownFileType = sourcecode.c.h; path = DbConnect.h; sourceTree = "<group>"; };
		E0B0515021F4FECE00D91857 /* rating.sqlite */ = {isa = PBXFileReference; lastKnownFileType = file; path = rating.sqlite; sourceTree = "<group>"; };
		E0BC24612BAEBF3300B554B2 /* PlayerDetail.h */ = {isa = PBXFileReference; lastKnownFileType = sourcecode.c.h; path = PlayerDetail.h; sourceTree = "<group>"; };
		E0BC24622BAEBF3300B554B2 /* PlayerDetail.m */ = {isa = PBXFileReference; lastKnownFileType = sourcecode.c.objc; path = PlayerDetail.m; sourceTree = "<group>"; };
		E0BC24662BB1884500B554B2 /* QuickMessage.h */ = {isa = PBXFileReference; lastKnownFileType = sourcecode.c.h; path = QuickMessage.h; sourceTree = "<group>"; };
		E0BC24672BB1884500B554B2 /* QuickMessage.m */ = {isa = PBXFileReference; lastKnownFileType = sourcecode.c.objc; path = QuickMessage.m; sourceTree = "<group>"; };
		E0BC246B2BBD939700B554B2 /* TextModul.h */ = {isa = PBXFileReference; lastKnownFileType = sourcecode.c.h; path = TextModul.h; sourceTree = "<group>"; };
		E0BC246C2BBD939700B554B2 /* TextModul.m */ = {isa = PBXFileReference; lastKnownFileType = sourcecode.c.objc; path = TextModul.m; sourceTree = "<group>"; };
		E0BDCC3221BD140300E8AF25 /* BlueWhite.png */ = {isa = PBXFileReference; lastKnownFileType = image.png; path = BlueWhite.png; sourceTree = "<group>"; };
		E0BDCC3421BD142B00E8AF25 /* GrayRed.png */ = {isa = PBXFileReference; lastKnownFileType = image.png; path = GrayRed.png; sourceTree = "<group>"; };
		E0BDCC3621BE6AE300E8AF25 /* About.h */ = {isa = PBXFileReference; lastKnownFileType = sourcecode.c.h; path = About.h; sourceTree = "<group>"; };
		E0BDCC3721BE6AE300E8AF25 /* About.m */ = {isa = PBXFileReference; lastKnownFileType = sourcecode.c.objc; path = About.m; sourceTree = "<group>"; };
		E0BDCC3921BE769900E8AF25 /* BuildInfo.sh */ = {isa = PBXFileReference; fileEncoding = 4; lastKnownFileType = text.script.sh; path = BuildInfo.sh; sourceTree = "<group>"; };
		E0BDCC3C21BEA8F900E8AF25 /* Preferences.h */ = {isa = PBXFileReference; lastKnownFileType = sourcecode.c.h; path = Preferences.h; sourceTree = "<group>"; };
		E0BDCC3D21BEA8F900E8AF25 /* Preferences.m */ = {isa = PBXFileReference; lastKnownFileType = sourcecode.c.objc; path = Preferences.m; sourceTree = "<group>"; };
		E0BDCC3F21C185A300E8AF25 /* Rating.h */ = {isa = PBXFileReference; lastKnownFileType = sourcecode.c.h; path = Rating.h; sourceTree = "<group>"; };
		E0BDCC4021C185A300E8AF25 /* Rating.m */ = {isa = PBXFileReference; lastKnownFileType = sourcecode.c.objc; path = Rating.m; sourceTree = "<group>"; };
		E0BE3AFA2231194C003A824D /* menue.png */ = {isa = PBXFileReference; lastKnownFileType = image.png; path = menue.png; sourceTree = "<group>"; };
		E0BE3B05223A3440003A824D /* StoreKit.framework */ = {isa = PBXFileReference; lastKnownFileType = wrapper.framework; name = StoreKit.framework; path = System/Library/Frameworks/StoreKit.framework; sourceTree = SDKROOT; };
		E0C1D81A21E7CCE500494A82 /* pfeil_gruen.png */ = {isa = PBXFileReference; lastKnownFileType = image.png; path = pfeil_gruen.png; sourceTree = "<group>"; };
		E0C1D81B21E7CCE600494A82 /* dice_blau.png */ = {isa = PBXFileReference; lastKnownFileType = image.png; path = dice_blau.png; sourceTree = "<group>"; };
		E0C1D81C21E7CCE600494A82 /* dice_gruen.png */ = {isa = PBXFileReference; lastKnownFileType = image.png; path = dice_gruen.png; sourceTree = "<group>"; };
		E0C1D81D21E7CCE700494A82 /* pfeil_rot.png */ = {isa = PBXFileReference; lastKnownFileType = image.png; path = pfeil_rot.png; sourceTree = "<group>"; };
		E0C1D81E21E7CCE800494A82 /* pfeil_blau.png */ = {isa = PBXFileReference; lastKnownFileType = image.png; path = pfeil_blau.png; sourceTree = "<group>"; };
		E0C1D81F21E7CCE900494A82 /* dice_rot.png */ = {isa = PBXFileReference; lastKnownFileType = image.png; path = dice_rot.png; sourceTree = "<group>"; };
		E0C1D82B21EB99C400494A82 /* classicHD.png */ = {isa = PBXFileReference; lastKnownFileType = image.png; path = classicHD.png; sourceTree = "<group>"; };
		E0C1D82F21EB9F5600494A82 /* app_icon.png */ = {isa = PBXFileReference; lastKnownFileType = image.png; path = app_icon.png; sourceTree = "<group>"; };
		E0EC955A221A9CF700E31CA0 /* NSCharacterSet+URLQueryValueAllowed.h */ = {isa = PBXFileReference; lastKnownFileType = sourcecode.c.h; path = "NSCharacterSet+URLQueryValueAllowed.h"; sourceTree = "<group>"; };
		E0EC955B221A9CF700E31CA0 /* NSCharacterSet+URLQueryValueAllowed.m */ = {isa = PBXFileReference; lastKnownFileType = sourcecode.c.objc; path = "NSCharacterSet+URLQueryValueAllowed.m"; sourceTree = "<group>"; };
		E0EC955D221A9D5C00E31CA0 /* NSDictionary+PercentEncodeURLQueryValue.h */ = {isa = PBXFileReference; lastKnownFileType = sourcecode.c.h; path = "NSDictionary+PercentEncodeURLQueryValue.h"; sourceTree = "<group>"; };
		E0EC955E221A9D5C00E31CA0 /* NSDictionary+PercentEncodeURLQueryValue.m */ = {isa = PBXFileReference; lastKnownFileType = sourcecode.c.objc; path = "NSDictionary+PercentEncodeURLQueryValue.m"; sourceTree = "<group>"; };
		E0EE051529D7237C003DEDE8 /* NoBoard.h */ = {isa = PBXFileReference; lastKnownFileType = sourcecode.c.h; path = NoBoard.h; sourceTree = "<group>"; };
		E0EE051629D7237C003DEDE8 /* NoBoard.m */ = {isa = PBXFileReference; lastKnownFileType = sourcecode.c.objc; path = NoBoard.m; sourceTree = "<group>"; };
		E0F5597929914B8B00EB5DBE /* Tournament.h */ = {isa = PBXFileReference; lastKnownFileType = sourcecode.c.h; path = Tournament.h; sourceTree = "<group>"; };
		E0F5597A29914B8B00EB5DBE /* Tournament.m */ = {isa = PBXFileReference; lastKnownFileType = sourcecode.c.objc; path = Tournament.m; sourceTree = "<group>"; };
		E0F5597C2994E4CC00EB5DBE /* CellConnector.h */ = {isa = PBXFileReference; lastKnownFileType = sourcecode.c.h; path = CellConnector.h; sourceTree = "<group>"; };
		E0F5597D2994E4CC00EB5DBE /* CellConnector.m */ = {isa = PBXFileReference; lastKnownFileType = sourcecode.c.objc; path = CellConnector.m; sourceTree = "<group>"; };
		E0F80DC02B58112800678743 /* GameLoungeCV.h */ = {isa = PBXFileReference; fileEncoding = 4; lastKnownFileType = sourcecode.c.h; path = GameLoungeCV.h; sourceTree = "<group>"; };
		E0F80DC32B58113800678743 /* GameLoungeCV.m */ = {isa = PBXFileReference; fileEncoding = 4; lastKnownFileType = sourcecode.c.objc; path = GameLoungeCV.m; sourceTree = "<group>"; };
		E0F9588621AD1688003DAC01 /* DailyGammon.app */ = {isa = PBXFileReference; explicitFileType = wrapper.application; includeInIndex = 0; path = DailyGammon.app; sourceTree = BUILT_PRODUCTS_DIR; };
		E0F9588921AD1688003DAC01 /* AppDelegate.h */ = {isa = PBXFileReference; lastKnownFileType = sourcecode.c.h; path = AppDelegate.h; sourceTree = "<group>"; };
		E0F9588A21AD1688003DAC01 /* AppDelegate.m */ = {isa = PBXFileReference; lastKnownFileType = sourcecode.c.objc; path = AppDelegate.m; sourceTree = "<group>"; };
		E0F9588C21AD1688003DAC01 /* LoginVC.h */ = {isa = PBXFileReference; lastKnownFileType = sourcecode.c.h; path = LoginVC.h; sourceTree = "<group>"; };
		E0F9588D21AD1688003DAC01 /* LoginVC.m */ = {isa = PBXFileReference; lastKnownFileType = sourcecode.c.objc; path = LoginVC.m; sourceTree = "<group>"; };
		E0F9589221AD168B003DAC01 /* Assets.xcassets */ = {isa = PBXFileReference; lastKnownFileType = folder.assetcatalog; path = Assets.xcassets; sourceTree = "<group>"; };
		E0F9589521AD168B003DAC01 /* Base */ = {isa = PBXFileReference; lastKnownFileType = file.storyboard; name = Base; path = Base.lproj/LaunchScreen.storyboard; sourceTree = "<group>"; };
		E0F9589721AD168B003DAC01 /* Info.plist */ = {isa = PBXFileReference; lastKnownFileType = text.plist.xml; path = Info.plist; sourceTree = "<group>"; };
		E0F9589821AD168B003DAC01 /* main.m */ = {isa = PBXFileReference; lastKnownFileType = sourcecode.c.objc; path = main.m; sourceTree = "<group>"; };
		E0F958A021AD1884003DAC01 /* Design.h */ = {isa = PBXFileReference; lastKnownFileType = sourcecode.c.h; path = Design.h; sourceTree = "<group>"; };
		E0F958A121AD1884003DAC01 /* Design.m */ = {isa = PBXFileReference; lastKnownFileType = sourcecode.c.objc; path = Design.m; sourceTree = "<group>"; };
		E0FA69322964463200D88C26 /* DGButton.h */ = {isa = PBXFileReference; lastKnownFileType = sourcecode.c.h; path = DGButton.h; sourceTree = "<group>"; };
		E0FA69332964463200D88C26 /* DGButton.m */ = {isa = PBXFileReference; lastKnownFileType = sourcecode.c.objc; path = DGButton.m; sourceTree = "<group>"; };
		E0FA69352969CE0900D88C26 /* DGLabel.h */ = {isa = PBXFileReference; lastKnownFileType = sourcecode.c.h; path = DGLabel.h; sourceTree = "<group>"; };
		E0FA69362969CE0900D88C26 /* DGLabel.m */ = {isa = PBXFileReference; lastKnownFileType = sourcecode.c.objc; path = DGLabel.m; sourceTree = "<group>"; };
		E0FB9E4129AA35B900E668B9 /* Constants.h */ = {isa = PBXFileReference; lastKnownFileType = sourcecode.c.h; path = Constants.h; sourceTree = "<group>"; };
		E0FB9E4229AA35B900E668B9 /* Constants.m */ = {isa = PBXFileReference; lastKnownFileType = sourcecode.c.objc; path = Constants.m; sourceTree = "<group>"; };
		E0FD83512B6A340E003B6DBF /* TopPageCV.h */ = {isa = PBXFileReference; lastKnownFileType = sourcecode.c.h; path = TopPageCV.h; sourceTree = "<group>"; };
		E0FD83522B6A340E003B6DBF /* TopPageCV.m */ = {isa = PBXFileReference; lastKnownFileType = sourcecode.c.objc; path = TopPageCV.m; sourceTree = "<group>"; };
		E0FD837B2B6BF4F3003B6DBF /* ReadTopPage.h */ = {isa = PBXFileReference; lastKnownFileType = sourcecode.c.h; path = ReadTopPage.h; sourceTree = "<group>"; };
		E0FD837C2B6BF4F3003B6DBF /* ReadTopPage.m */ = {isa = PBXFileReference; lastKnownFileType = sourcecode.c.objc; path = ReadTopPage.m; sourceTree = "<group>"; };
		E0FD837E2B6BFDD9003B6DBF /* SortView.h */ = {isa = PBXFileReference; fileEncoding = 4; lastKnownFileType = sourcecode.c.h; path = SortView.h; sourceTree = "<group>"; };
		E0FD837F2B6BFE10003B6DBF /* SortView.m */ = {isa = PBXFileReference; fileEncoding = 4; lastKnownFileType = sourcecode.c.objc; path = SortView.m; sourceTree = "<group>"; };
/* End PBXFileReference section */

/* Begin PBXFrameworksBuildPhase section */
		E0F9588321AD1688003DAC01 /* Frameworks */ = {
			isa = PBXFrameworksBuildPhase;
			buildActionMask = 2147483647;
			files = (
				E035538F298987CC002C820C /* NotificationCenter.framework in Frameworks */,
				E0BE3B06223A3440003A824D /* StoreKit.framework in Frameworks */,
				E0AC594D22270FB200367EE9 /* QuartzCore.framework in Frameworks */,
				E09EC1262A4ABA4A00B5543F /* CloudKit.framework in Frameworks */,
				E0AC594B22270FA900367EE9 /* CoreGraphics.framework in Frameworks */,
				E0B0514B21F4FCE500D91857 /* libsqlite3.0.tbd in Frameworks */,
				E096F5C12A57E89C000C37AB /* Charts.framework in Frameworks */,
				E035538B29867C93002C820C /* BackgroundTasks.framework in Frameworks */,
				E035538D29898798002C820C /* UserNotifications.framework in Frameworks */,
			);
			runOnlyForDeploymentPostprocessing = 0;
		};
/* End PBXFrameworksBuildPhase section */

/* Begin PBXGroup section */
		E002F19F29A0F8DC0028098C /* Review */ = {
			isa = PBXGroup;
			children = (
				E002F1A029A0F9740028098C /* Review.h */,
				E002F1A129A0F9740028098C /* Review.m */,
			);
			path = Review;
			sourceTree = "<group>";
		};
		E00EB16621C632220088501C /* ParseDG */ = {
			isa = PBXGroup;
			children = (
				E0BDCC3C21BEA8F900E8AF25 /* Preferences.h */,
				E0BDCC3D21BEA8F900E8AF25 /* Preferences.m */,
				E0BDCC3F21C185A300E8AF25 /* Rating.h */,
				E0BDCC4021C185A300E8AF25 /* Rating.m */,
				E00EB16721C633580088501C /* Match.h */,
				E00EB16821C633580088501C /* Match.m */,
			);
			path = ParseDG;
			sourceTree = "<group>";
		};
		E0355390298E694C002C820C /* PlayerLists */ = {
			isa = PBXGroup;
			children = (
				E0355391298E7743002C820C /* PlayerLists.h */,
				E0355392298E775C002C820C /* PlayerLists.m */,
			);
			path = PlayerLists;
			sourceTree = "<group>";
		};
		E05840242A4E9675005C032C /* Products */ = {
			isa = PBXGroup;
			children = (
				E05840292A4E9675005C032C /* Charts.framework */,
				E058402B2A4E9675005C032C /* ChartsTests.xctest */,
			);
			name = Products;
			sourceTree = "<group>";
		};
		E06E1C5421B7B2DE003B310F /* SetUp */ = {
			isa = PBXGroup;
			children = (
				E06E1C5121B717B8003B310F /* SetUpVC.h */,
				E06E1C5221B717B9003B310F /* SetUpVC.m */,
				E06E1C5521B7B468003B310F /* BoardSchemeVC.h */,
				E06E1C5621B7B468003B310F /* BoardSchemeVC.m */,
				E0454ECE22104C9300F10E5A /* PreferencesVC.h */,
				E0454ECF22104C9300F10E5A /* PreferencesVC.m */,
			);
			path = SetUp;
			sourceTree = "<group>";
		};
		E0763D3122D7658700EDA562 /* TopPage */ = {
			isa = PBXGroup;
			children = (
				E0FD837B2B6BF4F3003B6DBF /* ReadTopPage.h */,
				E0FD837C2B6BF4F3003B6DBF /* ReadTopPage.m */,
				E0FD83512B6A340E003B6DBF /* TopPageCV.h */,
				E0FD83522B6A340E003B6DBF /* TopPageCV.m */,
				E0FD837E2B6BFDD9003B6DBF /* SortView.h */,
				E0FD837F2B6BFE10003B6DBF /* SortView.m */,
				E09871E729448DB40043DC8A /* PlayMatch */,
			);
			path = TopPage;
			sourceTree = "<group>";
		};
		E07F021722EED0870065546C /* Rating */ = {
			isa = PBXGroup;
			children = (
				E0AC594722270F5500367EE9 /* RatingVC.h */,
				E0AC594822270F5500367EE9 /* RatingVC.m */,
				E038E500273D67050087C4A4 /* RatingTools.h */,
				E038E501273D67050087C4A4 /* RatingTools.m */,
				E058400C2A4C0FD3005C032C /* RatingCD.h */,
				E058400D2A4C0FD3005C032C /* RatingCD.m */,
			);
			path = Rating;
			sourceTree = "<group>";
		};
		E083BAE822B3A2E50035A71E /* Player */ = {
			isa = PBXGroup;
			children = (
				E00654D522A6784000194435 /* Player.h */,
				E00654D622A6784000194435 /* Player.m */,
				E0BC24612BAEBF3300B554B2 /* PlayerDetail.h */,
				E0BC24622BAEBF3300B554B2 /* PlayerDetail.m */,
				E060AC9A22A8E2A700D60C39 /* InviteDetail.h */,
				E060AC9B22A8E2A700D60C39 /* InviteDetail.m */,
				E0BC24662BB1884500B554B2 /* QuickMessage.h */,
				E0BC24672BB1884500B554B2 /* QuickMessage.m */,
			);
			path = Player;
			sourceTree = "<group>";
		};
		E09871E1293366760043DC8A /* GameLounge */ = {
			isa = PBXGroup;
			children = (
				E0F80DC02B58112800678743 /* GameLoungeCV.h */,
				E0F80DC32B58113800678743 /* GameLoungeCV.m */,
			);
			path = GameLounge;
			sourceTree = "<group>";
		};
		E09871E52938B91A0043DC8A /* About */ = {
			isa = PBXGroup;
			children = (
				E0BDCC3621BE6AE300E8AF25 /* About.h */,
				E0BDCC3721BE6AE300E8AF25 /* About.m */,
			);
			path = About;
			sourceTree = "<group>";
		};
		E09871E729448DB40043DC8A /* PlayMatch */ = {
			isa = PBXGroup;
			children = (
				E09C007221B042020056D2A2 /* PlayMatch.h */,
				E09C007321B042020056D2A2 /* PlayMatch.m */,
				E09871E8294870E60043DC8A /* MatchTools.h */,
				E09871E9294870E60043DC8A /* MatchTools.m */,
				E0777D60294E24DB00712C76 /* BoardElements.h */,
				E0777D61294E24DB00712C76 /* BoardElements.m */,
				E09871E629448DA90043DC8A /* ConstantsMatch.h */,
				E005D5272B7CECFB00B4E29A /* ChatView.h */,
				E005D52A2B7CED4400B4E29A /* ChatView.m */,
				E0EE051529D7237C003DEDE8 /* NoBoard.h */,
				E0EE051629D7237C003DEDE8 /* NoBoard.m */,
			);
			path = PlayMatch;
			sourceTree = "<group>";
		};
		E09C008821B13D010056D2A2 /* SupportingFiles */ = {
			isa = PBXGroup;
			children = (
				E01955802BA7279D00ADF6D0 /* PrivacyInfo.xcprivacy */,
				E0F958A621AD5B54003DAC01 /* Bilder */,
				E0F9589421AD168B003DAC01 /* LaunchScreen.storyboard */,
				E0F9589721AD168B003DAC01 /* Info.plist */,
				E0BDCC3921BE769900E8AF25 /* BuildInfo.sh */,
				E09C008921B13E000056D2A2 /* PrefixHeader.pch */,
				E091B514280156D3000501E8 /* Settings.bundle */,
			);
			path = SupportingFiles;
			sourceTree = "<group>";
		};
		E09C008A21B2FAA40056D2A2 /* Hpple */ = {
			isa = PBXGroup;
			children = (
				E09C008F21B2FADB0056D2A2 /* TFHpple.h */,
				E09C008E21B2FADB0056D2A2 /* TFHpple.m */,
				E09C008B21B2FADB0056D2A2 /* TFHppleElement.h */,
				E09C008C21B2FADB0056D2A2 /* TFHppleElement.m */,
				E09C008D21B2FADB0056D2A2 /* XPathQuery.h */,
				E09C009021B2FADB0056D2A2 /* XPathQuery.m */,
				E00EB16621C632220088501C /* ParseDG */,
			);
			path = Hpple;
			sourceTree = "<group>";
		};
		E0AC594E222710FF00367EE9 /* CorePlot */ = {
			isa = PBXGroup;
			children = (
				E0AC594F222710FF00367EE9 /* CorePlotHeaders */,
				E0AC599E2227110000367EE9 /* libCorePlot-CocoaTouch.a */,
			);
			path = CorePlot;
			sourceTree = "<group>";
		};
		E0AC594F222710FF00367EE9 /* CorePlotHeaders */ = {
			isa = PBXGroup;
			children = (
				E0AC5950222710FF00367EE9 /* CPTGradient.h */,
				E0AC5951222710FF00367EE9 /* CPTPlatformSpecificDefines.h */,
				E0AC5952222710FF00367EE9 /* CPTAnimation.h */,
				E0AC5953222710FF00367EE9 /* CPTDefinitions.h */,
				E0AC5954222710FF00367EE9 /* CPTGraphHostingView.h */,
				E0AC5955222710FF00367EE9 /* CPTPieChart.h */,
				E0AC5956222710FF00367EE9 /* CPTGridLineGroup.h */,
				E0AC5957222710FF00367EE9 /* CPTLineStyle.h */,
				E0AC5958222710FF00367EE9 /* CPTDerivedXYGraph.h */,
				E0AC5959222710FF00367EE9 /* CPTPlotGroup.h */,
				E0AC595A222710FF00367EE9 /* CPTNumericData.h */,
				E0AC595B222710FF00367EE9 /* CPTRangePlot.h */,
				E0AC595C222710FF00367EE9 /* CPTLayer.h */,
				E0AC595D222710FF00367EE9 /* CPTAnnotation.h */,
				E0AC595E222710FF00367EE9 /* CPTAnimationPeriod.h */,
				E0AC595F222710FF00367EE9 /* CPTAxisLabelGroup.h */,
				E0AC5960222710FF00367EE9 /* CPTColor.h */,
				E0AC5961222710FF00367EE9 /* CPTGraph.h */,
				E0AC5962222710FF00367EE9 /* CPTLayerAnnotation.h */,
				E0AC5963222710FF00367EE9 /* CPTLimitBand.h */,
				E0AC5964222710FF00367EE9 /* CPTTradingRangePlot.h */,
				E0AC5965222710FF00367EE9 /* CPTXYAxis.h */,
				E0AC5966222710FF00367EE9 /* CorePlot-CocoaTouch.h */,
				E0AC5967222710FF00367EE9 /* CPTUtilities.h */,
				E0AC5968222710FF00367EE9 /* CPTLegendEntry.h */,
				E0AC5969222710FF00367EE9 /* CPTNumericDataType.h */,
				E0AC596A222710FF00367EE9 /* CPTMutableLineStyle.h */,
				E0AC596B222710FF00367EE9 /* CPTPlatformSpecificFunctions.h */,
				E0AC596C222710FF00367EE9 /* CPTAnnotationHostLayer.h */,
				E0AC596D222710FF00367EE9 /* CPTAxisTitle.h */,
				E0AC596E222710FF00367EE9 /* CPTTheme.h */,
				E0AC596F222710FF00367EE9 /* CPTShadow.h */,
				E0AC5970222710FF00367EE9 /* CPTFunctionDataSource.h */,
				E0AC5971222710FF00367EE9 /* CPTXYGraph.h */,
				E0AC5972222710FF00367EE9 /* CPTMutableShadow.h */,
				E0AC5973222710FF00367EE9 /* CPTPlatformSpecificCategories.h */,
				E0AC5974222710FF00367EE9 /* CPTAxisSet.h */,
				E0AC5975222710FF00367EE9 /* CPTAxisLabel.h */,
				E0AC5976222710FF00367EE9 /* CPTScatterPlot.h */,
				E0AC5977222710FF00367EE9 /* CPTTextStylePlatformSpecific.h */,
				E0AC5978222710FF00367EE9 /* CPTPlotAreaFrame.h */,
				E0AC5979222710FF00367EE9 /* CPTColorSpace.h */,
				E0AC597A222710FF00367EE9 /* NSNumberExtensions.h */,
				E0AC597B222710FF00367EE9 /* CPTDataSourceTestCase.h */,
				E0AC597C222710FF00367EE9 /* CPTPlotSymbol.h */,
				E0AC597D222710FF00367EE9 /* CPTMutableTextStyle.h */,
				E0AC597E222710FF00367EE9 /* CPTExceptions.h */,
				E0AC597F222710FF00367EE9 /* CPTPlotRange.h */,
				E0AC5980222710FF00367EE9 /* CPTImage.h */,
				E0AC5981222710FF00367EE9 /* mainpage.h */,
				E0AC5982222710FF00367EE9 /* CPTPlotSpace.h */,
				E0AC5983222710FF00367EE9 /* CPTTextLayer.h */,
				E0AC5984222710FF00367EE9 /* CPTConstraints.h */,
				E0AC5985222710FF00367EE9 /* CPTLegend.h */,
				E0AC5986222710FF00367EE9 /* CPTPlotSpaceAnnotation.h */,
				E0AC5987222710FF00367EE9 /* CPTCalendarFormatter.h */,
				E0AC5988222710FF00367EE9 /* CPTTestCase.h */,
				E0AC5989222710FF00367EE9 /* CPTMutablePlotRange.h */,
				E0AC598A222710FF00367EE9 /* CPTAnimationOperation.h */,
				E0AC598B222710FF00367EE9 /* CPTBarPlot.h */,
				E0AC598C222710FF00367EE9 /* CPTXYAxisSet.h */,
				E0AC598D222710FF00367EE9 /* CPTPathExtensions.h */,
				E0AC598E222710FF00367EE9 /* NSDecimalNumberExtensions.h */,
				E0AC598F222710FF00367EE9 /* CPTPlotArea.h */,
				E0AC5990222710FF00367EE9 /* NSCoderExtensions.h */,
				E0AC5991222710FF00367EE9 /* CPTTextStyle.h */,
				E0AC5992222710FF00367EE9 /* CPTMutableNumericData+TypeConversion.h */,
				E0AC5993222710FF00367EE9 /* CPTTimeFormatter.h */,
				E0AC5994222710FF00367EE9 /* CPTAxis.h */,
				E0AC59952227110000367EE9 /* CPTMutableNumericData.h */,
				E0AC59962227110000367EE9 /* CPTGridLines.h */,
				E0AC59972227110000367EE9 /* CPTFill.h */,
				E0AC59982227110000367EE9 /* CPTPlot.h */,
				E0AC59992227110000367EE9 /* CPTNumericData+TypeConversion.h */,
				E0AC599A2227110000367EE9 /* CPTResponder.h */,
				E0AC599B2227110000367EE9 /* CPTLineCap.h */,
				E0AC599C2227110000367EE9 /* CPTXYPlotSpace.h */,
				E0AC599D2227110000367EE9 /* CPTBorderedLayer.h */,
			);
			path = CorePlotHeaders;
			sourceTree = "<group>";
		};
		E0B0514921F4FCE400D91857 /* Frameworks */ = {
			isa = PBXGroup;
			children = (
				E09EC1252A4ABA4A00B5543F /* CloudKit.framework */,
				E035538E298987CB002C820C /* NotificationCenter.framework */,
				E035538C29898798002C820C /* UserNotifications.framework */,
				E035538A29867C93002C820C /* BackgroundTasks.framework */,
				E0BE3B05223A3440003A824D /* StoreKit.framework */,
				E0AC594C22270FB100367EE9 /* QuartzCore.framework */,
				E0AC594A22270FA800367EE9 /* CoreGraphics.framework */,
				E0B0514A21F4FCE500D91857 /* libsqlite3.0.tbd */,
			);
			name = Frameworks;
			sourceTree = "<group>";
		};
		E0B0514C21F4FD3800D91857 /* DB */ = {
			isa = PBXGroup;
			children = (
				E0B0514E21F4FDA200D91857 /* DbConnect.h */,
				E0B0514D21F4FDA100D91857 /* DbConnect.m */,
				E0B0515021F4FECE00D91857 /* rating.sqlite */,
			);
			path = DB;
			sourceTree = "<group>";
		};
		E0BC246A2BBD935700B554B2 /* TextModuls */ = {
			isa = PBXGroup;
			children = (
				E0BC246B2BBD939700B554B2 /* TextModul.h */,
				E0BC246C2BBD939700B554B2 /* TextModul.m */,
				E081B51B2BBFC7300075CF1C /* TextModulEdit.h */,
				E081B51C2BBFC7300075CF1C /* TextModulEdit.m */,
			);
			path = TextModuls;
			sourceTree = "<group>";
		};
		E0BDCC3121BD13D700E8AF25 /* Boards */ = {
			isa = PBXGroup;
			children = (
				E0BDCC3221BD140300E8AF25 /* BlueWhite.png */,
				E06E1C5821B7BD94003B310F /* classic.png */,
				E0C1D82B21EB99C400494A82 /* classicHD.png */,
				E0BDCC3421BD142B00E8AF25 /* GrayRed.png */,
			);
			path = Boards;
			sourceTree = "<group>";
		};
		E0EC9559221A9CAB00E31CA0 /* Encode */ = {
			isa = PBXGroup;
			children = (
				E0EC955A221A9CF700E31CA0 /* NSCharacterSet+URLQueryValueAllowed.h */,
				E0EC955B221A9CF700E31CA0 /* NSCharacterSet+URLQueryValueAllowed.m */,
				E0EC955D221A9D5C00E31CA0 /* NSDictionary+PercentEncodeURLQueryValue.h */,
				E0EC955E221A9D5C00E31CA0 /* NSDictionary+PercentEncodeURLQueryValue.m */,
			);
			path = Encode;
			sourceTree = "<group>";
		};
		E0F1E3FA2229054700494918 /* iPhone */ = {
			isa = PBXGroup;
			children = (
				E0AC59AE22283C8F00367EE9 /* iPhone.storyboard */,
			);
			path = iPhone;
			sourceTree = "<group>";
		};
		E0F1E3FB2229066300494918 /* iPad */ = {
			isa = PBXGroup;
			children = (
				E0AC59AC22283C8E00367EE9 /* iPad.storyboard */,
			);
			path = iPad;
			sourceTree = "<group>";
		};
		E0F5597829914B0600EB5DBE /* Tournament */ = {
			isa = PBXGroup;
			children = (
				E0F5597929914B8B00EB5DBE /* Tournament.h */,
				E0F5597A29914B8B00EB5DBE /* Tournament.m */,
				E0F5597C2994E4CC00EB5DBE /* CellConnector.h */,
				E0F5597D2994E4CC00EB5DBE /* CellConnector.m */,
			);
			path = Tournament;
			sourceTree = "<group>";
		};
		E0F9587D21AD1687003DAC01 = {
			isa = PBXGroup;
			children = (
				E0F9588821AD1688003DAC01 /* DailyGammon */,
				E0F9588721AD1688003DAC01 /* Products */,
				E0B0514921F4FCE400D91857 /* Frameworks */,
			);
			sourceTree = "<group>";
		};
		E0F9588721AD1688003DAC01 /* Products */ = {
			isa = PBXGroup;
			children = (
				E0F9588621AD1688003DAC01 /* DailyGammon.app */,
			);
			name = Products;
			sourceTree = "<group>";
		};
		E0F9588821AD1688003DAC01 /* DailyGammon */ = {
			isa = PBXGroup;
			children = (
				E038E4FF273D40930087C4A4 /* DailyGammon.entitlements */,
				E09EC1272A4ABAD600B5543F /* DailyGammon.xcdatamodeld */,
				E0048BCF2B810C0B00AE8433 /* main.storyboard */,
				E05840232A4E9675005C032C /* Charts.xcodeproj */,
				E07F021722EED0870065546C /* Rating */,
				E0763D3122D7658700EDA562 /* TopPage */,
				E0BC246A2BBD935700B554B2 /* TextModuls */,
				E083BAE822B3A2E50035A71E /* Player */,
				E0F5597829914B0600EB5DBE /* Tournament */,
				E09871E1293366760043DC8A /* GameLounge */,
				E09871E52938B91A0043DC8A /* About */,
				E0355390298E694C002C820C /* PlayerLists */,
				E002F19F29A0F8DC0028098C /* Review */,
				E0F1E3FB2229066300494918 /* iPad */,
				E0F1E3FA2229054700494918 /* iPhone */,
				E06E1C5421B7B2DE003B310F /* SetUp */,
				E0F9589F21AD185C003DAC01 /* Tools */,
				E0F9588921AD1688003DAC01 /* AppDelegate.h */,
				E0F9588A21AD1688003DAC01 /* AppDelegate.m */,
				E0F9588C21AD1688003DAC01 /* LoginVC.h */,
				E0F9588D21AD1688003DAC01 /* LoginVC.m */,
				E0F9589821AD168B003DAC01 /* main.m */,
				E09C008821B13D010056D2A2 /* SupportingFiles */,
			);
			path = DailyGammon;
			sourceTree = "<group>";
		};
		E0F9589F21AD185C003DAC01 /* Tools */ = {
			isa = PBXGroup;
			children = (
				E058402D2A4EA394005C032C /* DateValueFormatter.h */,
				E058402C2A4EA394005C032C /* DateValueFormatter.m */,
				E0FA69352969CE0900D88C26 /* DGLabel.h */,
				E0FA69362969CE0900D88C26 /* DGLabel.m */,
				E0FA69322964463200D88C26 /* DGButton.h */,
				E0FA69332964463200D88C26 /* DGButton.m */,
				E002F19C29A0F08C0028098C /* DGRequest.h */,
				E002F19D29A0F08C0028098C /* DGRequest.m */,
				E02C7BC529C4461E003B6357 /* WaitView.h */,
				E02C7BC629C4461E003B6357 /* WaitView.m */,
				E05FB7482B3EAEFB004EC59F /* MenueView.h */,
				E05FB7492B3EAEFB004EC59F /* MenueView.m */,
				E0AC594E222710FF00367EE9 /* CorePlot */,
				E0EC9559221A9CAB00E31CA0 /* Encode */,
				E0B0514C21F4FD3800D91857 /* DB */,
				E09C008A21B2FAA40056D2A2 /* Hpple */,
				E0F958A021AD1884003DAC01 /* Design.h */,
				E0F958A121AD1884003DAC01 /* Design.m */,
				E0FB9E4129AA35B900E668B9 /* Constants.h */,
				E0FB9E4229AA35B900E668B9 /* Constants.m */,
				E00A3D812700CB7D008B526B /* NoInternet.h */,
				E00A3D822700CB7D008B526B /* NoInternet.m */,
				E05324FF2271D40C0080D504 /* Tools.h */,
				E05325002271D42A0080D504 /* Tools.m */,
			);
			path = Tools;
			sourceTree = "<group>";
		};
		E0F958A621AD5B54003DAC01 /* Bilder */ = {
			isa = PBXGroup;
			children = (
				E0777D63294F2B7000712C76 /* metall.jpg */,
				E09871E329372B980043DC8A /* GitHub-Mark-32px.png */,
				E0A92D49273F8BB800008477 /* iCloudOFF.png */,
				E0A92D4B273F8BCA00008477 /* iCloudON.png */,
				E0763D3322DB0E9500EDA562 /* 01-refresh.png */,
				E0763D3222DB0E9500EDA562 /* 01-refresh@2x.png */,
				E0763D2622D62DE200EDA562 /* pfeil_down_kreis.png */,
				E0763D2822D62DE300EDA562 /* pfeil_down.png */,
				E0763D2522D62DE100EDA562 /* pfeil_up_kreis.png */,
				E0763D2722D62DE200EDA562 /* pfeil_up.png */,
				E01E9DE122761964000399EA /* button_grau.png */,
				E0AEFC50220578BA00CFFB6C /* button_blau.png */,
				E0AEFC4F220578B900CFFB6C /* button_gruen.png */,
				E0AEFC4D220420D200CFFB6C /* button_rot.png */,
				E0AEFC4821FE0CC400CFFB6C /* startscreen.png */,
				E0C1D82F21EB9F5600494A82 /* app_icon.png */,
				E0BDCC3121BD13D700E8AF25 /* Boards */,
				E0C1D81B21E7CCE600494A82 /* dice_blau.png */,
				E0C1D81C21E7CCE600494A82 /* dice_gruen.png */,
				E0C1D81F21E7CCE900494A82 /* dice_rot.png */,
				E0C1D81E21E7CCE800494A82 /* pfeil_blau.png */,
				E0C1D81A21E7CCE500494A82 /* pfeil_gruen.png */,
				E0C1D81D21E7CCE700494A82 /* pfeil_rot.png */,
				E0763D2D22D6506100EDA562 /* PfeilDown.png */,
				E0763D2E22D6506200EDA562 /* PfeilUp.png */,
				E0BE3AFA2231194C003A824D /* menue.png */,
				E0F9589221AD168B003DAC01 /* Assets.xcassets */,
			);
			path = Bilder;
			sourceTree = "<group>";
		};
/* End PBXGroup section */

/* Begin PBXNativeTarget section */
		E0F9588521AD1688003DAC01 /* DailyGammon */ = {
			isa = PBXNativeTarget;
			buildConfigurationList = E0F9589C21AD168B003DAC01 /* Build configuration list for PBXNativeTarget "DailyGammon" */;
			buildPhases = (
				E0F9588221AD1688003DAC01 /* Sources */,
				E0F9588321AD1688003DAC01 /* Frameworks */,
				E0F9588421AD1688003DAC01 /* Resources */,
				E096F5C32A57E89D000C37AB /* Embed Frameworks */,
				E0BDCC3B21BE77C000E8AF25 /* ShellScript */,
			);
			buildRules = (
			);
			dependencies = (
			);
			name = DailyGammon;
			productName = DailyGammon;
			productReference = E0F9588621AD1688003DAC01 /* DailyGammon.app */;
			productType = "com.apple.product-type.application";
		};
/* End PBXNativeTarget section */

/* Begin PBXProject section */
		E0F9587E21AD1687003DAC01 /* Project object */ = {
			isa = PBXProject;
			attributes = {
				BuildIndependentTargetsInParallel = YES;
				LastUpgradeCheck = 1520;
				ORGANIZATIONNAME = "Peter Schneider";
				TargetAttributes = {
					E0F9588521AD1688003DAC01 = {
						CreatedOnToolsVersion = 10.1;
					};
				};
			};
			buildConfigurationList = E0F9588121AD1687003DAC01 /* Build configuration list for PBXProject "DailyGammon" */;
			compatibilityVersion = "Xcode 9.3";
			developmentRegion = en;
			hasScannedForEncodings = 0;
			knownRegions = (
				en,
				Base,
			);
			mainGroup = E0F9587D21AD1687003DAC01;
			productRefGroup = E0F9588721AD1688003DAC01 /* Products */;
			projectDirPath = "";
			projectReferences = (
				{
					ProductGroup = E05840242A4E9675005C032C /* Products */;
					ProjectRef = E05840232A4E9675005C032C /* Charts.xcodeproj */;
				},
			);
			projectRoot = "";
			targets = (
				E0F9588521AD1688003DAC01 /* DailyGammon */,
			);
		};
/* End PBXProject section */

/* Begin PBXReferenceProxy section */
		E05840292A4E9675005C032C /* Charts.framework */ = {
			isa = PBXReferenceProxy;
			fileType = wrapper.framework;
			path = Charts.framework;
			remoteRef = E05840282A4E9675005C032C /* PBXContainerItemProxy */;
			sourceTree = BUILT_PRODUCTS_DIR;
		};
		E058402B2A4E9675005C032C /* ChartsTests.xctest */ = {
			isa = PBXReferenceProxy;
			fileType = wrapper.cfbundle;
			path = ChartsTests.xctest;
			remoteRef = E058402A2A4E9675005C032C /* PBXContainerItemProxy */;
			sourceTree = BUILT_PRODUCTS_DIR;
		};
/* End PBXReferenceProxy section */

/* Begin PBXResourcesBuildPhase section */
		E0F9588421AD1688003DAC01 /* Resources */ = {
			isa = PBXResourcesBuildPhase;
			buildActionMask = 2147483647;
			files = (
				E0BDCC3521BD142B00E8AF25 /* GrayRed.png in Resources */,
				E09871E429372B980043DC8A /* GitHub-Mark-32px.png in Resources */,
				E0AEFC51220578BB00CFFB6C /* button_gruen.png in Resources */,
				E0F9589621AD168B003DAC01 /* LaunchScreen.storyboard in Resources */,
				E07CFA0D21F60BF000A5148F /* rating.sqlite in Resources */,
				E0C1D82221E7CCEA00494A82 /* dice_gruen.png in Resources */,
				E0C1D83021EB9F5800494A82 /* app_icon.png in Resources */,
				E0C1D82121E7CCEA00494A82 /* dice_blau.png in Resources */,
				E0A92D4C273F8BCA00008477 /* iCloudON.png in Resources */,
				E0BDCC3321BD140300E8AF25 /* BlueWhite.png in Resources */,
				E0BE3AFB2231194D003A824D /* menue.png in Resources */,
				E0BDCC3A21BE769A00E8AF25 /* BuildInfo.sh in Resources */,
				E0C1D82C21EB99C400494A82 /* classicHD.png in Resources */,
				E0AEFC4921FE0CC500CFFB6C /* startscreen.png in Resources */,
				E0048BD02B810C0B00AE8433 /* main.storyboard in Resources */,
				E0763D2F22D6506200EDA562 /* PfeilDown.png in Resources */,
				E0C1D82021E7CCEA00494A82 /* pfeil_gruen.png in Resources */,
				E0C1D82321E7CCEA00494A82 /* pfeil_rot.png in Resources */,
				E01955832BA727B100ADF6D0 /* PrivacyInfo.xcprivacy in Resources */,
				E0F9589321AD168B003DAC01 /* Assets.xcassets in Resources */,
				E0AEFC4E220420D300CFFB6C /* button_rot.png in Resources */,
				E0763D3522DB0E9600EDA562 /* 01-refresh.png in Resources */,
				E0777D64294F2B7000712C76 /* metall.jpg in Resources */,
				E0C1D82521E7CCEA00494A82 /* dice_rot.png in Resources */,
				E0763D2A22D62DE300EDA562 /* pfeil_down_kreis.png in Resources */,
				E0763D3422DB0E9600EDA562 /* 01-refresh@2x.png in Resources */,
				E0AC59B022283C9000367EE9 /* iPad.storyboard in Resources */,
				E0763D2C22D62DE300EDA562 /* pfeil_down.png in Resources */,
				E01E9DE222761964000399EA /* button_grau.png in Resources */,
				E0AEFC52220578BB00CFFB6C /* button_blau.png in Resources */,
				E091B515280156D3000501E8 /* Settings.bundle in Resources */,
				E0AC59B122283C9000367EE9 /* iPhone.storyboard in Resources */,
				E0C1D82421E7CCEA00494A82 /* pfeil_blau.png in Resources */,
				E0763D2922D62DE300EDA562 /* pfeil_up_kreis.png in Resources */,
				E0A92D4A273F8BB800008477 /* iCloudOFF.png in Resources */,
				E06E1C5921B7BD94003B310F /* classic.png in Resources */,
				E0763D3022D6506200EDA562 /* PfeilUp.png in Resources */,
				E0763D2B22D62DE300EDA562 /* pfeil_up.png in Resources */,
			);
			runOnlyForDeploymentPostprocessing = 0;
		};
/* End PBXResourcesBuildPhase section */

/* Begin PBXShellScriptBuildPhase section */
		E0BDCC3B21BE77C000E8AF25 /* ShellScript */ = {
			isa = PBXShellScriptBuildPhase;
			alwaysOutOfDate = 1;
			buildActionMask = 2147483647;
			files = (
			);
			inputFileListPaths = (
			);
			inputPaths = (
				" $TARGET_BUILD_DIR/$INFOPLIST_PATH",
			);
			outputFileListPaths = (
			);
			outputPaths = (
			);
			runOnlyForDeploymentPostprocessing = 0;
			shellPath = /bin/sh;
			shellScript = "DailyGammon/SupportingFiles/BuildInfo.sh\nTAGS=\"TODO:|FIXME:|DESIGN:\"\nERRORTAG=\"ERROR:\"\nfind \"${SRCROOT}\" \\( -name \"*.h\" -or -name \"*.m\"  \\) -print0 | xargs -0 egrep --with-filename --line-number --only-matching \"($TAGS).*\\$|($ERRORTAG).*\\$\" | perl -p -e \"s/($TAGS)/ warning: \\$1/\" | perl -p -e \"s/($ERRORTAG)/ error: \\$1/\"\n";
		};
/* End PBXShellScriptBuildPhase section */

/* Begin PBXSourcesBuildPhase section */
		E0F9588221AD1688003DAC01 /* Sources */ = {
			isa = PBXSourcesBuildPhase;
			buildActionMask = 2147483647;
			files = (
				E0BC24682BB1884500B554B2 /* QuickMessage.m in Sources */,
				E002F1A229A0F9740028098C /* Review.m in Sources */,
				E0EC955F221A9D5C00E31CA0 /* NSDictionary+PercentEncodeURLQueryValue.m in Sources */,
				E0BDCC4121C185A300E8AF25 /* Rating.m in Sources */,
				E05325012271D42A0080D504 /* Tools.m in Sources */,
				E09C009121B2FADB0056D2A2 /* TFHppleElement.m in Sources */,
				E081B51D2BBFC7300075CF1C /* TextModulEdit.m in Sources */,
				E0F9588E21AD1688003DAC01 /* LoginVC.m in Sources */,
				E09871EA294870E60043DC8A /* MatchTools.m in Sources */,
				E09C009321B2FADB0056D2A2 /* XPathQuery.m in Sources */,
				E0454ED022104C9300F10E5A /* PreferencesVC.m in Sources */,
				E0AC594922270F5600367EE9 /* RatingVC.m in Sources */,
				E0F958A221AD1884003DAC01 /* Design.m in Sources */,
				E0355393298E775C002C820C /* PlayerLists.m in Sources */,
				E0EC955C221A9CF700E31CA0 /* NSCharacterSet+URLQueryValueAllowed.m in Sources */,
				E002F19E29A0F08C0028098C /* DGRequest.m in Sources */,
				E00A3D832700CB7D008B526B /* NoInternet.m in Sources */,
				E0FD83532B6A340E003B6DBF /* TopPageCV.m in Sources */,
				E0B0514F21F4FDA200D91857 /* DbConnect.m in Sources */,
				E0F5597B29914B8B00EB5DBE /* Tournament.m in Sources */,
				E0FA69372969CE0900D88C26 /* DGLabel.m in Sources */,
				E09C009221B2FADB0056D2A2 /* TFHpple.m in Sources */,
				E0FD83802B6BFE10003B6DBF /* SortView.m in Sources */,
				E02C7BC729C4461E003B6357 /* WaitView.m in Sources */,
				E0F9589921AD168B003DAC01 /* main.m in Sources */,
				E038E502273D67050087C4A4 /* RatingTools.m in Sources */,
				E0EE051729D7237C003DEDE8 /* NoBoard.m in Sources */,
				E0BC24632BAEBF3300B554B2 /* PlayerDetail.m in Sources */,
				E0FA69342964463200D88C26 /* DGButton.m in Sources */,
				E0BC246D2BBD939700B554B2 /* TextModul.m in Sources */,
				E0BDCC3E21BEA8F900E8AF25 /* Preferences.m in Sources */,
				E09C007421B042020056D2A2 /* PlayMatch.m in Sources */,
				E0F80DC42B58113900678743 /* GameLoungeCV.m in Sources */,
				E058402E2A4EA394005C032C /* DateValueFormatter.m in Sources */,
				E00654D722A6784000194435 /* Player.m in Sources */,
				E06E1C5721B7B468003B310F /* BoardSchemeVC.m in Sources */,
				E0777D62294E24DB00712C76 /* BoardElements.m in Sources */,
				E0FD837D2B6BF4F3003B6DBF /* ReadTopPage.m in Sources */,
				E0F5597E2994E4CC00EB5DBE /* CellConnector.m in Sources */,
				E05FB74A2B3EAEFB004EC59F /* MenueView.m in Sources */,
				E09EC1292A4ABAD600B5543F /* DailyGammon.xcdatamodeld in Sources */,
				E0F9588B21AD1688003DAC01 /* AppDelegate.m in Sources */,
				E06E1C5321B717B9003B310F /* SetUpVC.m in Sources */,
				E005D52B2B7CED4400B4E29A /* ChatView.m in Sources */,
				E060AC9C22A8E2A700D60C39 /* InviteDetail.m in Sources */,
				E0BDCC3821BE6AE300E8AF25 /* About.m in Sources */,
				E058400E2A4C0FD3005C032C /* RatingCD.m in Sources */,
				E00EB16921C633580088501C /* Match.m in Sources */,
				E0FB9E4329AA35BA00E668B9 /* Constants.m in Sources */,
			);
			runOnlyForDeploymentPostprocessing = 0;
		};
/* End PBXSourcesBuildPhase section */

/* Begin PBXVariantGroup section */
		E0AC59AC22283C8E00367EE9 /* iPad.storyboard */ = {
			isa = PBXVariantGroup;
			children = (
				E0AC59AD22283C8E00367EE9 /* Base */,
			);
			name = iPad.storyboard;
			sourceTree = "<group>";
		};
		E0AC59AE22283C8F00367EE9 /* iPhone.storyboard */ = {
			isa = PBXVariantGroup;
			children = (
				E0AC59AF22283C8F00367EE9 /* Base */,
			);
			name = iPhone.storyboard;
			sourceTree = "<group>";
		};
		E0F9589421AD168B003DAC01 /* LaunchScreen.storyboard */ = {
			isa = PBXVariantGroup;
			children = (
				E0F9589521AD168B003DAC01 /* Base */,
			);
			name = LaunchScreen.storyboard;
			sourceTree = "<group>";
		};
/* End PBXVariantGroup section */

/* Begin XCBuildConfiguration section */
		E0F9589A21AD168B003DAC01 /* Debug */ = {
			isa = XCBuildConfiguration;
			buildSettings = {
				ALWAYS_SEARCH_USER_PATHS = NO;
				CLANG_ANALYZER_NONNULL = YES;
				CLANG_ANALYZER_NUMBER_OBJECT_CONVERSION = YES_AGGRESSIVE;
				CLANG_CXX_LANGUAGE_STANDARD = "gnu++14";
				CLANG_CXX_LIBRARY = "libc++";
				CLANG_ENABLE_MODULES = YES;
				CLANG_ENABLE_OBJC_ARC = YES;
				CLANG_ENABLE_OBJC_WEAK = YES;
				CLANG_WARN_BLOCK_CAPTURE_AUTORELEASING = YES;
				CLANG_WARN_BOOL_CONVERSION = YES;
				CLANG_WARN_COMMA = YES;
				CLANG_WARN_CONSTANT_CONVERSION = YES;
				CLANG_WARN_DEPRECATED_OBJC_IMPLEMENTATIONS = YES;
				CLANG_WARN_DIRECT_OBJC_ISA_USAGE = YES_ERROR;
				CLANG_WARN_DOCUMENTATION_COMMENTS = NO;
				CLANG_WARN_EMPTY_BODY = YES;
				CLANG_WARN_ENUM_CONVERSION = YES;
				CLANG_WARN_INFINITE_RECURSION = YES;
				CLANG_WARN_INT_CONVERSION = YES;
				CLANG_WARN_NON_LITERAL_NULL_CONVERSION = YES;
				CLANG_WARN_OBJC_IMPLICIT_RETAIN_SELF = YES;
				CLANG_WARN_OBJC_LITERAL_CONVERSION = YES;
				CLANG_WARN_OBJC_ROOT_CLASS = YES_ERROR;
				CLANG_WARN_QUOTED_INCLUDE_IN_FRAMEWORK_HEADER = YES;
				CLANG_WARN_RANGE_LOOP_ANALYSIS = YES;
				CLANG_WARN_STRICT_PROTOTYPES = YES;
				CLANG_WARN_SUSPICIOUS_MOVE = YES;
				CLANG_WARN_UNGUARDED_AVAILABILITY = YES_AGGRESSIVE;
				CLANG_WARN_UNREACHABLE_CODE = YES;
				CLANG_WARN__DUPLICATE_METHOD_MATCH = YES;
				CODE_SIGN_IDENTITY = "iPhone Developer";
				COPY_PHASE_STRIP = NO;
				DEBUG_INFORMATION_FORMAT = dwarf;
				ENABLE_STRICT_OBJC_MSGSEND = YES;
				ENABLE_TESTABILITY = YES;
				ENABLE_USER_SCRIPT_SANDBOXING = NO;
				GCC_C_LANGUAGE_STANDARD = gnu11;
				GCC_DYNAMIC_NO_PIC = NO;
				GCC_NO_COMMON_BLOCKS = YES;
				GCC_OPTIMIZATION_LEVEL = 0;
				GCC_PREPROCESSOR_DEFINITIONS = (
					"DEBUG=1",
					"$(inherited)",
				);
				GCC_WARN_64_TO_32_BIT_CONVERSION = YES;
				GCC_WARN_ABOUT_RETURN_TYPE = YES_ERROR;
				GCC_WARN_UNDECLARED_SELECTOR = YES;
				GCC_WARN_UNINITIALIZED_AUTOS = YES_AGGRESSIVE;
				GCC_WARN_UNUSED_FUNCTION = YES;
				GCC_WARN_UNUSED_VARIABLE = YES;
				HEADER_SEARCH_PATHS = "${SDKROOT}/usr/include/libxml2/**";
				IPHONEOS_DEPLOYMENT_TARGET = 15.0;
				MTL_ENABLE_DEBUG_INFO = INCLUDE_SOURCE;
				MTL_FAST_MATH = YES;
				ONLY_ACTIVE_ARCH = YES;
				OTHER_LDFLAGS = (
					"-lxml2",
					"-ObjC",
				);
				SDKROOT = iphoneos;
			};
			name = Debug;
		};
		E0F9589B21AD168B003DAC01 /* Release */ = {
			isa = XCBuildConfiguration;
			buildSettings = {
				ALWAYS_SEARCH_USER_PATHS = NO;
				CLANG_ANALYZER_NONNULL = YES;
				CLANG_ANALYZER_NUMBER_OBJECT_CONVERSION = YES_AGGRESSIVE;
				CLANG_CXX_LANGUAGE_STANDARD = "gnu++14";
				CLANG_CXX_LIBRARY = "libc++";
				CLANG_ENABLE_MODULES = YES;
				CLANG_ENABLE_OBJC_ARC = YES;
				CLANG_ENABLE_OBJC_WEAK = YES;
				CLANG_WARN_BLOCK_CAPTURE_AUTORELEASING = YES;
				CLANG_WARN_BOOL_CONVERSION = YES;
				CLANG_WARN_COMMA = YES;
				CLANG_WARN_CONSTANT_CONVERSION = YES;
				CLANG_WARN_DEPRECATED_OBJC_IMPLEMENTATIONS = YES;
				CLANG_WARN_DIRECT_OBJC_ISA_USAGE = YES_ERROR;
				CLANG_WARN_DOCUMENTATION_COMMENTS = NO;
				CLANG_WARN_EMPTY_BODY = YES;
				CLANG_WARN_ENUM_CONVERSION = YES;
				CLANG_WARN_INFINITE_RECURSION = YES;
				CLANG_WARN_INT_CONVERSION = YES;
				CLANG_WARN_NON_LITERAL_NULL_CONVERSION = YES;
				CLANG_WARN_OBJC_IMPLICIT_RETAIN_SELF = YES;
				CLANG_WARN_OBJC_LITERAL_CONVERSION = YES;
				CLANG_WARN_OBJC_ROOT_CLASS = YES_ERROR;
				CLANG_WARN_QUOTED_INCLUDE_IN_FRAMEWORK_HEADER = YES;
				CLANG_WARN_RANGE_LOOP_ANALYSIS = YES;
				CLANG_WARN_STRICT_PROTOTYPES = YES;
				CLANG_WARN_SUSPICIOUS_MOVE = YES;
				CLANG_WARN_UNGUARDED_AVAILABILITY = YES_AGGRESSIVE;
				CLANG_WARN_UNREACHABLE_CODE = YES;
				CLANG_WARN__DUPLICATE_METHOD_MATCH = YES;
				CODE_SIGN_IDENTITY = "iPhone Developer";
				COPY_PHASE_STRIP = NO;
				DEBUG_INFORMATION_FORMAT = "dwarf-with-dsym";
				ENABLE_NS_ASSERTIONS = NO;
				ENABLE_STRICT_OBJC_MSGSEND = YES;
				ENABLE_USER_SCRIPT_SANDBOXING = NO;
				GCC_C_LANGUAGE_STANDARD = gnu11;
				GCC_NO_COMMON_BLOCKS = YES;
				GCC_WARN_64_TO_32_BIT_CONVERSION = YES;
				GCC_WARN_ABOUT_RETURN_TYPE = YES_ERROR;
				GCC_WARN_UNDECLARED_SELECTOR = YES;
				GCC_WARN_UNINITIALIZED_AUTOS = YES_AGGRESSIVE;
				GCC_WARN_UNUSED_FUNCTION = YES;
				GCC_WARN_UNUSED_VARIABLE = YES;
				HEADER_SEARCH_PATHS = "${SDKROOT}/usr/include/libxml2/**";
				IPHONEOS_DEPLOYMENT_TARGET = 15.0;
				MTL_ENABLE_DEBUG_INFO = NO;
				MTL_FAST_MATH = YES;
				OTHER_LDFLAGS = (
					"-lxml2",
					"-ObjC",
				);
				SDKROOT = iphoneos;
				VALIDATE_PRODUCT = YES;
			};
			name = Release;
		};
		E0F9589D21AD168B003DAC01 /* Debug */ = {
			isa = XCBuildConfiguration;
			buildSettings = {
				ASSETCATALOG_COMPILER_APPICON_NAME = AppIcon;
				CODE_SIGN_ENTITLEMENTS = DailyGammon/DailyGammon.entitlements;
				CODE_SIGN_STYLE = Automatic;
				DEVELOPMENT_TEAM = VL8Y87Y9PB;
				ENABLE_BITCODE = NO;
				GCC_PREFIX_HEADER = DailyGammon/SupportingFiles/PrefixHeader.pch;
				INFOPLIST_FILE = DailyGammon/SupportingFiles/Info.plist;
				INFOPLIST_KEY_LSApplicationCategoryType = "public.app-category.board-games";
				IPHONEOS_DEPLOYMENT_TARGET = 15.0;
				LD_RUNPATH_SEARCH_PATHS = (
					"$(inherited)",
					"@executable_path/Frameworks",
				);
				LIBRARY_SEARCH_PATHS = (
					"$(inherited)",
					"$(PROJECT_DIR)/DailyGammon/Tools/CorePlot",
				);
				MARKETING_VERSION = 2.0;
				PRODUCT_BUNDLE_IDENTIFIER = de.hape42.dailygammon;
				PRODUCT_NAME = "$(TARGET_NAME)";
				TARGETED_DEVICE_FAMILY = "1,2";
			};
			name = Debug;
		};
		E0F9589E21AD168B003DAC01 /* Release */ = {
			isa = XCBuildConfiguration;
			buildSettings = {
				ASSETCATALOG_COMPILER_APPICON_NAME = AppIcon;
				CODE_SIGN_ENTITLEMENTS = DailyGammon/DailyGammon.entitlements;
				CODE_SIGN_STYLE = Automatic;
				DEVELOPMENT_TEAM = VL8Y87Y9PB;
				ENABLE_BITCODE = NO;
				GCC_PREFIX_HEADER = DailyGammon/SupportingFiles/PrefixHeader.pch;
				INFOPLIST_FILE = DailyGammon/SupportingFiles/Info.plist;
				INFOPLIST_KEY_LSApplicationCategoryType = "public.app-category.board-games";
				IPHONEOS_DEPLOYMENT_TARGET = 15.0;
				LD_RUNPATH_SEARCH_PATHS = (
					"$(inherited)",
					"@executable_path/Frameworks",
				);
				LIBRARY_SEARCH_PATHS = (
					"$(inherited)",
					"$(PROJECT_DIR)/DailyGammon/Tools/CorePlot",
				);
				MARKETING_VERSION = 2.0;
				PRODUCT_BUNDLE_IDENTIFIER = de.hape42.dailygammon;
				PRODUCT_NAME = "$(TARGET_NAME)";
				TARGETED_DEVICE_FAMILY = "1,2";
			};
			name = Release;
		};
/* End XCBuildConfiguration section */

/* Begin XCConfigurationList section */
		E0F9588121AD1687003DAC01 /* Build configuration list for PBXProject "DailyGammon" */ = {
			isa = XCConfigurationList;
			buildConfigurations = (
				E0F9589A21AD168B003DAC01 /* Debug */,
				E0F9589B21AD168B003DAC01 /* Release */,
			);
			defaultConfigurationIsVisible = 0;
			defaultConfigurationName = Release;
		};
		E0F9589C21AD168B003DAC01 /* Build configuration list for PBXNativeTarget "DailyGammon" */ = {
			isa = XCConfigurationList;
			buildConfigurations = (
				E0F9589D21AD168B003DAC01 /* Debug */,
				E0F9589E21AD168B003DAC01 /* Release */,
			);
			defaultConfigurationIsVisible = 0;
			defaultConfigurationName = Release;
		};
/* End XCConfigurationList section */

/* Begin XCVersionGroup section */
		E09EC1272A4ABAD600B5543F /* DailyGammon.xcdatamodeld */ = {
			isa = XCVersionGroup;
			children = (
				E09EC1282A4ABAD600B5543F /* Model.xcdatamodel */,
			);
			currentVersion = E09EC1282A4ABAD600B5543F /* Model.xcdatamodel */;
			path = DailyGammon.xcdatamodeld;
			sourceTree = "<group>";
			versionGroupType = wrapper.xcdatamodel;
		};
/* End XCVersionGroup section */
	};
	rootObject = E0F9587E21AD1687003DAC01 /* Project object */;
}
