// !$*UTF8*$!
{
	archiveVersion = 1;
	classes = {
	};
	objectVersion = 50;
	objects = {

/* Begin PBXBuildFile section */
		E00EB16921C633580088501C /* Match.m in Sources */ = {isa = PBXBuildFile; fileRef = E00EB16821C633580088501C /* Match.m */; };
		E0454ED022104C9300F10E5A /* PreferencesVC.m in Sources */ = {isa = PBXBuildFile; fileRef = E0454ECF22104C9300F10E5A /* PreferencesVC.m */; };
		E06E1C5321B717B9003B310F /* SetUpVC.m in Sources */ = {isa = PBXBuildFile; fileRef = E06E1C5221B717B9003B310F /* SetUpVC.m */; };
		E06E1C5721B7B468003B310F /* BoardSchemeVC.m in Sources */ = {isa = PBXBuildFile; fileRef = E06E1C5621B7B468003B310F /* BoardSchemeVC.m */; };
		E06E1C5921B7BD94003B310F /* classic.png in Resources */ = {isa = PBXBuildFile; fileRef = E06E1C5821B7BD94003B310F /* classic.png */; };
		E07CFA0D21F60BF000A5148F /* rating.sqlite in Resources */ = {isa = PBXBuildFile; fileRef = E0B0515021F4FECE00D91857 /* rating.sqlite */; };
		E09C007421B042020056D2A2 /* PlayMatch.m in Sources */ = {isa = PBXBuildFile; fileRef = E09C007321B042020056D2A2 /* PlayMatch.m */; };
		E09C009121B2FADB0056D2A2 /* TFHppleElement.m in Sources */ = {isa = PBXBuildFile; fileRef = E09C008C21B2FADB0056D2A2 /* TFHppleElement.m */; };
		E09C009221B2FADB0056D2A2 /* TFHpple.m in Sources */ = {isa = PBXBuildFile; fileRef = E09C008E21B2FADB0056D2A2 /* TFHpple.m */; };
		E09C009321B2FADB0056D2A2 /* XPathQuery.m in Sources */ = {isa = PBXBuildFile; fileRef = E09C009021B2FADB0056D2A2 /* XPathQuery.m */; };
		E0AEFC4921FE0CC500CFFB6C /* startscreen.png in Resources */ = {isa = PBXBuildFile; fileRef = E0AEFC4821FE0CC400CFFB6C /* startscreen.png */; };
		E0AEFC4E220420D300CFFB6C /* button_rot.png in Resources */ = {isa = PBXBuildFile; fileRef = E0AEFC4D220420D200CFFB6C /* button_rot.png */; };
		E0AEFC51220578BB00CFFB6C /* button_gruen.png in Resources */ = {isa = PBXBuildFile; fileRef = E0AEFC4F220578B900CFFB6C /* button_gruen.png */; };
		E0AEFC52220578BB00CFFB6C /* button_blau.png in Resources */ = {isa = PBXBuildFile; fileRef = E0AEFC50220578BA00CFFB6C /* button_blau.png */; };
		E0B0514B21F4FCE500D91857 /* libsqlite3.0.tbd in Frameworks */ = {isa = PBXBuildFile; fileRef = E0B0514A21F4FCE500D91857 /* libsqlite3.0.tbd */; };
		E0B0514F21F4FDA200D91857 /* DbConnect.m in Sources */ = {isa = PBXBuildFile; fileRef = E0B0514D21F4FDA100D91857 /* DbConnect.m */; };
		E0BDCC3321BD140300E8AF25 /* BlueWhite.png in Resources */ = {isa = PBXBuildFile; fileRef = E0BDCC3221BD140300E8AF25 /* BlueWhite.png */; };
		E0BDCC3521BD142B00E8AF25 /* GrayRed.png in Resources */ = {isa = PBXBuildFile; fileRef = E0BDCC3421BD142B00E8AF25 /* GrayRed.png */; };
		E0BDCC3821BE6AE300E8AF25 /* About.m in Sources */ = {isa = PBXBuildFile; fileRef = E0BDCC3721BE6AE300E8AF25 /* About.m */; };
		E0BDCC3A21BE769A00E8AF25 /* BuildInfo.sh in Resources */ = {isa = PBXBuildFile; fileRef = E0BDCC3921BE769900E8AF25 /* BuildInfo.sh */; };
		E0BDCC3E21BEA8F900E8AF25 /* Preferences.m in Sources */ = {isa = PBXBuildFile; fileRef = E0BDCC3D21BEA8F900E8AF25 /* Preferences.m */; };
		E0BDCC4121C185A300E8AF25 /* Rating.m in Sources */ = {isa = PBXBuildFile; fileRef = E0BDCC4021C185A300E8AF25 /* Rating.m */; };
		E0C1D82021E7CCEA00494A82 /* pfeil_gruen.png in Resources */ = {isa = PBXBuildFile; fileRef = E0C1D81A21E7CCE500494A82 /* pfeil_gruen.png */; };
		E0C1D82121E7CCEA00494A82 /* dice_blau.png in Resources */ = {isa = PBXBuildFile; fileRef = E0C1D81B21E7CCE600494A82 /* dice_blau.png */; };
		E0C1D82221E7CCEA00494A82 /* dice_gruen.png in Resources */ = {isa = PBXBuildFile; fileRef = E0C1D81C21E7CCE600494A82 /* dice_gruen.png */; };
		E0C1D82321E7CCEA00494A82 /* pfeil_rot.png in Resources */ = {isa = PBXBuildFile; fileRef = E0C1D81D21E7CCE700494A82 /* pfeil_rot.png */; };
		E0C1D82421E7CCEA00494A82 /* pfeil_blau.png in Resources */ = {isa = PBXBuildFile; fileRef = E0C1D81E21E7CCE800494A82 /* pfeil_blau.png */; };
		E0C1D82521E7CCEA00494A82 /* dice_rot.png in Resources */ = {isa = PBXBuildFile; fileRef = E0C1D81F21E7CCE900494A82 /* dice_rot.png */; };
		E0C1D82A21E900D100494A82 /* GameLounge.m in Sources */ = {isa = PBXBuildFile; fileRef = E0C1D82921E900D100494A82 /* GameLounge.m */; };
		E0C1D82C21EB99C400494A82 /* classicHD.png in Resources */ = {isa = PBXBuildFile; fileRef = E0C1D82B21EB99C400494A82 /* classicHD.png */; };
		E0C1D83021EB9F5800494A82 /* app_icon.png in Resources */ = {isa = PBXBuildFile; fileRef = E0C1D82F21EB9F5600494A82 /* app_icon.png */; };
		E0EC955C221A9CF700E31CA0 /* NSCharacterSet+URLQueryValueAllowed.m in Sources */ = {isa = PBXBuildFile; fileRef = E0EC955B221A9CF700E31CA0 /* NSCharacterSet+URLQueryValueAllowed.m */; };
		E0EC955F221A9D5C00E31CA0 /* NSDictionary+PercentEncodeURLQueryValue.m in Sources */ = {isa = PBXBuildFile; fileRef = E0EC955E221A9D5C00E31CA0 /* NSDictionary+PercentEncodeURLQueryValue.m */; };
		E0F9588B21AD1688003DAC01 /* AppDelegate.m in Sources */ = {isa = PBXBuildFile; fileRef = E0F9588A21AD1688003DAC01 /* AppDelegate.m */; };
		E0F9588E21AD1688003DAC01 /* LoginVC.m in Sources */ = {isa = PBXBuildFile; fileRef = E0F9588D21AD1688003DAC01 /* LoginVC.m */; };
		E0F9589121AD1688003DAC01 /* Main.storyboard in Resources */ = {isa = PBXBuildFile; fileRef = E0F9588F21AD1688003DAC01 /* Main.storyboard */; };
		E0F9589321AD168B003DAC01 /* Assets.xcassets in Resources */ = {isa = PBXBuildFile; fileRef = E0F9589221AD168B003DAC01 /* Assets.xcassets */; };
		E0F9589621AD168B003DAC01 /* LaunchScreen.storyboard in Resources */ = {isa = PBXBuildFile; fileRef = E0F9589421AD168B003DAC01 /* LaunchScreen.storyboard */; };
		E0F9589921AD168B003DAC01 /* main.m in Sources */ = {isa = PBXBuildFile; fileRef = E0F9589821AD168B003DAC01 /* main.m */; };
		E0F958A221AD1884003DAC01 /* Design.m in Sources */ = {isa = PBXBuildFile; fileRef = E0F958A121AD1884003DAC01 /* Design.m */; };
		E0F958A521AD4CCE003DAC01 /* Header.m in Sources */ = {isa = PBXBuildFile; fileRef = E0F958A421AD4CCE003DAC01 /* Header.m */; };
		E0F958B021ADA304003DAC01 /* TopPageVC.m in Sources */ = {isa = PBXBuildFile; fileRef = E0F958AF21ADA304003DAC01 /* TopPageVC.m */; };
/* End PBXBuildFile section */

/* Begin PBXFileReference section */
		E00EB16721C633580088501C /* Match.h */ = {isa = PBXFileReference; lastKnownFileType = sourcecode.c.h; path = Match.h; sourceTree = "<group>"; };
		E00EB16821C633580088501C /* Match.m */ = {isa = PBXFileReference; lastKnownFileType = sourcecode.c.objc; path = Match.m; sourceTree = "<group>"; };
		E0454ECE22104C9300F10E5A /* PreferencesVC.h */ = {isa = PBXFileReference; lastKnownFileType = sourcecode.c.h; path = PreferencesVC.h; sourceTree = "<group>"; };
		E0454ECF22104C9300F10E5A /* PreferencesVC.m */ = {isa = PBXFileReference; lastKnownFileType = sourcecode.c.objc; path = PreferencesVC.m; sourceTree = "<group>"; };
		E06E1C5121B717B8003B310F /* SetUpVC.h */ = {isa = PBXFileReference; lastKnownFileType = sourcecode.c.h; path = SetUpVC.h; sourceTree = "<group>"; };
		E06E1C5221B717B9003B310F /* SetUpVC.m */ = {isa = PBXFileReference; lastKnownFileType = sourcecode.c.objc; path = SetUpVC.m; sourceTree = "<group>"; };
		E06E1C5521B7B468003B310F /* BoardSchemeVC.h */ = {isa = PBXFileReference; lastKnownFileType = sourcecode.c.h; path = BoardSchemeVC.h; sourceTree = "<group>"; };
		E06E1C5621B7B468003B310F /* BoardSchemeVC.m */ = {isa = PBXFileReference; lastKnownFileType = sourcecode.c.objc; path = BoardSchemeVC.m; sourceTree = "<group>"; };
		E06E1C5821B7BD94003B310F /* classic.png */ = {isa = PBXFileReference; lastKnownFileType = image.png; path = classic.png; sourceTree = "<group>"; };
		E09C007221B042020056D2A2 /* PlayMatch.h */ = {isa = PBXFileReference; lastKnownFileType = sourcecode.c.h; path = PlayMatch.h; sourceTree = "<group>"; };
		E09C007321B042020056D2A2 /* PlayMatch.m */ = {isa = PBXFileReference; lastKnownFileType = sourcecode.c.objc; path = PlayMatch.m; sourceTree = "<group>"; };
		E09C008721B117430056D2A2 /* HeaderInclude.h */ = {isa = PBXFileReference; lastKnownFileType = sourcecode.c.h; path = HeaderInclude.h; sourceTree = "<group>"; };
		E09C008921B13E000056D2A2 /* PrefixHeader.pch */ = {isa = PBXFileReference; lastKnownFileType = sourcecode.c.h; path = PrefixHeader.pch; sourceTree = "<group>"; };
		E09C008B21B2FADB0056D2A2 /* TFHppleElement.h */ = {isa = PBXFileReference; fileEncoding = 4; lastKnownFileType = sourcecode.c.h; path = TFHppleElement.h; sourceTree = "<group>"; };
		E09C008C21B2FADB0056D2A2 /* TFHppleElement.m */ = {isa = PBXFileReference; fileEncoding = 4; lastKnownFileType = sourcecode.c.objc; path = TFHppleElement.m; sourceTree = "<group>"; };
		E09C008D21B2FADB0056D2A2 /* XPathQuery.h */ = {isa = PBXFileReference; fileEncoding = 4; lastKnownFileType = sourcecode.c.h; path = XPathQuery.h; sourceTree = "<group>"; };
		E09C008E21B2FADB0056D2A2 /* TFHpple.m */ = {isa = PBXFileReference; fileEncoding = 4; lastKnownFileType = sourcecode.c.objc; path = TFHpple.m; sourceTree = "<group>"; };
		E09C008F21B2FADB0056D2A2 /* TFHpple.h */ = {isa = PBXFileReference; fileEncoding = 4; lastKnownFileType = sourcecode.c.h; path = TFHpple.h; sourceTree = "<group>"; };
		E09C009021B2FADB0056D2A2 /* XPathQuery.m */ = {isa = PBXFileReference; fileEncoding = 4; lastKnownFileType = sourcecode.c.objc; path = XPathQuery.m; sourceTree = "<group>"; };
		E0AEFC4821FE0CC400CFFB6C /* startscreen.png */ = {isa = PBXFileReference; lastKnownFileType = image.png; path = startscreen.png; sourceTree = "<group>"; };
		E0AEFC4D220420D200CFFB6C /* button_rot.png */ = {isa = PBXFileReference; lastKnownFileType = image.png; path = button_rot.png; sourceTree = "<group>"; };
		E0AEFC4F220578B900CFFB6C /* button_gruen.png */ = {isa = PBXFileReference; lastKnownFileType = image.png; path = button_gruen.png; sourceTree = "<group>"; };
		E0AEFC50220578BA00CFFB6C /* button_blau.png */ = {isa = PBXFileReference; lastKnownFileType = image.png; path = button_blau.png; sourceTree = "<group>"; };
		E0B0514A21F4FCE500D91857 /* libsqlite3.0.tbd */ = {isa = PBXFileReference; lastKnownFileType = "sourcecode.text-based-dylib-definition"; name = libsqlite3.0.tbd; path = usr/lib/libsqlite3.0.tbd; sourceTree = SDKROOT; };
		E0B0514D21F4FDA100D91857 /* DbConnect.m */ = {isa = PBXFileReference; fileEncoding = 4; lastKnownFileType = sourcecode.c.objc; path = DbConnect.m; sourceTree = "<group>"; };
		E0B0514E21F4FDA200D91857 /* DbConnect.h */ = {isa = PBXFileReference; fileEncoding = 4; lastKnownFileType = sourcecode.c.h; path = DbConnect.h; sourceTree = "<group>"; };
		E0B0515021F4FECE00D91857 /* rating.sqlite */ = {isa = PBXFileReference; lastKnownFileType = file; path = rating.sqlite; sourceTree = "<group>"; };
		E0BDCC3221BD140300E8AF25 /* BlueWhite.png */ = {isa = PBXFileReference; lastKnownFileType = image.png; path = BlueWhite.png; sourceTree = "<group>"; };
		E0BDCC3421BD142B00E8AF25 /* GrayRed.png */ = {isa = PBXFileReference; lastKnownFileType = image.png; path = GrayRed.png; sourceTree = "<group>"; };
		E0BDCC3621BE6AE300E8AF25 /* About.h */ = {isa = PBXFileReference; lastKnownFileType = sourcecode.c.h; path = About.h; sourceTree = "<group>"; };
		E0BDCC3721BE6AE300E8AF25 /* About.m */ = {isa = PBXFileReference; lastKnownFileType = sourcecode.c.objc; path = About.m; sourceTree = "<group>"; };
		E0BDCC3921BE769900E8AF25 /* BuildInfo.sh */ = {isa = PBXFileReference; fileEncoding = 4; lastKnownFileType = text.script.sh; path = BuildInfo.sh; sourceTree = "<group>"; };
		E0BDCC3C21BEA8F900E8AF25 /* Preferences.h */ = {isa = PBXFileReference; lastKnownFileType = sourcecode.c.h; path = Preferences.h; sourceTree = "<group>"; };
		E0BDCC3D21BEA8F900E8AF25 /* Preferences.m */ = {isa = PBXFileReference; lastKnownFileType = sourcecode.c.objc; path = Preferences.m; sourceTree = "<group>"; };
		E0BDCC3F21C185A300E8AF25 /* Rating.h */ = {isa = PBXFileReference; lastKnownFileType = sourcecode.c.h; path = Rating.h; sourceTree = "<group>"; };
		E0BDCC4021C185A300E8AF25 /* Rating.m */ = {isa = PBXFileReference; lastKnownFileType = sourcecode.c.objc; path = Rating.m; sourceTree = "<group>"; };
		E0C1D81A21E7CCE500494A82 /* pfeil_gruen.png */ = {isa = PBXFileReference; lastKnownFileType = image.png; path = pfeil_gruen.png; sourceTree = "<group>"; };
		E0C1D81B21E7CCE600494A82 /* dice_blau.png */ = {isa = PBXFileReference; lastKnownFileType = image.png; path = dice_blau.png; sourceTree = "<group>"; };
		E0C1D81C21E7CCE600494A82 /* dice_gruen.png */ = {isa = PBXFileReference; lastKnownFileType = image.png; path = dice_gruen.png; sourceTree = "<group>"; };
		E0C1D81D21E7CCE700494A82 /* pfeil_rot.png */ = {isa = PBXFileReference; lastKnownFileType = image.png; path = pfeil_rot.png; sourceTree = "<group>"; };
		E0C1D81E21E7CCE800494A82 /* pfeil_blau.png */ = {isa = PBXFileReference; lastKnownFileType = image.png; path = pfeil_blau.png; sourceTree = "<group>"; };
		E0C1D81F21E7CCE900494A82 /* dice_rot.png */ = {isa = PBXFileReference; lastKnownFileType = image.png; path = dice_rot.png; sourceTree = "<group>"; };
		E0C1D82821E900BA00494A82 /* GameLounge.h */ = {isa = PBXFileReference; fileEncoding = 4; lastKnownFileType = sourcecode.c.h; path = GameLounge.h; sourceTree = "<group>"; };
		E0C1D82921E900D100494A82 /* GameLounge.m */ = {isa = PBXFileReference; fileEncoding = 4; lastKnownFileType = sourcecode.c.objc; path = GameLounge.m; sourceTree = "<group>"; };
		E0C1D82B21EB99C400494A82 /* classicHD.png */ = {isa = PBXFileReference; lastKnownFileType = image.png; path = classicHD.png; sourceTree = "<group>"; };
		E0C1D82F21EB9F5600494A82 /* app_icon.png */ = {isa = PBXFileReference; lastKnownFileType = image.png; path = app_icon.png; sourceTree = "<group>"; };
		E0EC955A221A9CF700E31CA0 /* NSCharacterSet+URLQueryValueAllowed.h */ = {isa = PBXFileReference; lastKnownFileType = sourcecode.c.h; path = "NSCharacterSet+URLQueryValueAllowed.h"; sourceTree = "<group>"; };
		E0EC955B221A9CF700E31CA0 /* NSCharacterSet+URLQueryValueAllowed.m */ = {isa = PBXFileReference; lastKnownFileType = sourcecode.c.objc; path = "NSCharacterSet+URLQueryValueAllowed.m"; sourceTree = "<group>"; };
		E0EC955D221A9D5C00E31CA0 /* NSDictionary+PercentEncodeURLQueryValue.h */ = {isa = PBXFileReference; lastKnownFileType = sourcecode.c.h; path = "NSDictionary+PercentEncodeURLQueryValue.h"; sourceTree = "<group>"; };
		E0EC955E221A9D5C00E31CA0 /* NSDictionary+PercentEncodeURLQueryValue.m */ = {isa = PBXFileReference; lastKnownFileType = sourcecode.c.objc; path = "NSDictionary+PercentEncodeURLQueryValue.m"; sourceTree = "<group>"; };
		E0F9588621AD1688003DAC01 /* DailyGammon.app */ = {isa = PBXFileReference; explicitFileType = wrapper.application; includeInIndex = 0; path = DailyGammon.app; sourceTree = BUILT_PRODUCTS_DIR; };
		E0F9588921AD1688003DAC01 /* AppDelegate.h */ = {isa = PBXFileReference; lastKnownFileType = sourcecode.c.h; path = AppDelegate.h; sourceTree = "<group>"; };
		E0F9588A21AD1688003DAC01 /* AppDelegate.m */ = {isa = PBXFileReference; lastKnownFileType = sourcecode.c.objc; path = AppDelegate.m; sourceTree = "<group>"; };
		E0F9588C21AD1688003DAC01 /* LoginVC.h */ = {isa = PBXFileReference; lastKnownFileType = sourcecode.c.h; path = LoginVC.h; sourceTree = "<group>"; };
		E0F9588D21AD1688003DAC01 /* LoginVC.m */ = {isa = PBXFileReference; lastKnownFileType = sourcecode.c.objc; path = LoginVC.m; sourceTree = "<group>"; };
		E0F9589021AD1688003DAC01 /* Base */ = {isa = PBXFileReference; lastKnownFileType = file.storyboard; name = Base; path = Base.lproj/Main.storyboard; sourceTree = "<group>"; };
		E0F9589221AD168B003DAC01 /* Assets.xcassets */ = {isa = PBXFileReference; lastKnownFileType = folder.assetcatalog; path = Assets.xcassets; sourceTree = "<group>"; };
		E0F9589521AD168B003DAC01 /* Base */ = {isa = PBXFileReference; lastKnownFileType = file.storyboard; name = Base; path = Base.lproj/LaunchScreen.storyboard; sourceTree = "<group>"; };
		E0F9589721AD168B003DAC01 /* Info.plist */ = {isa = PBXFileReference; lastKnownFileType = text.plist.xml; path = Info.plist; sourceTree = "<group>"; };
		E0F9589821AD168B003DAC01 /* main.m */ = {isa = PBXFileReference; lastKnownFileType = sourcecode.c.objc; path = main.m; sourceTree = "<group>"; };
		E0F958A021AD1884003DAC01 /* Design.h */ = {isa = PBXFileReference; lastKnownFileType = sourcecode.c.h; path = Design.h; sourceTree = "<group>"; };
		E0F958A121AD1884003DAC01 /* Design.m */ = {isa = PBXFileReference; lastKnownFileType = sourcecode.c.objc; path = Design.m; sourceTree = "<group>"; };
		E0F958A321AD4CCE003DAC01 /* Header.h */ = {isa = PBXFileReference; lastKnownFileType = sourcecode.c.h; path = Header.h; sourceTree = "<group>"; };
		E0F958A421AD4CCE003DAC01 /* Header.m */ = {isa = PBXFileReference; lastKnownFileType = sourcecode.c.objc; path = Header.m; sourceTree = "<group>"; };
		E0F958AE21ADA304003DAC01 /* TopPageVC.h */ = {isa = PBXFileReference; lastKnownFileType = sourcecode.c.h; path = TopPageVC.h; sourceTree = "<group>"; };
		E0F958AF21ADA304003DAC01 /* TopPageVC.m */ = {isa = PBXFileReference; lastKnownFileType = sourcecode.c.objc; path = TopPageVC.m; sourceTree = "<group>"; };
/* End PBXFileReference section */

/* Begin PBXFrameworksBuildPhase section */
		E0F9588321AD1688003DAC01 /* Frameworks */ = {
			isa = PBXFrameworksBuildPhase;
			buildActionMask = 2147483647;
			files = (
				E0B0514B21F4FCE500D91857 /* libsqlite3.0.tbd in Frameworks */,
			);
			runOnlyForDeploymentPostprocessing = 0;
		};
/* End PBXFrameworksBuildPhase section */

/* Begin PBXGroup section */
		E00EB16621C632220088501C /* ParseDG */ = {
			isa = PBXGroup;
			children = (
				E0BDCC3C21BEA8F900E8AF25 /* Preferences.h */,
				E0BDCC3D21BEA8F900E8AF25 /* Preferences.m */,
				E0BDCC3F21C185A300E8AF25 /* Rating.h */,
				E0BDCC4021C185A300E8AF25 /* Rating.m */,
				E00EB16721C633580088501C /* Match.h */,
				E00EB16821C633580088501C /* Match.m */,
			);
			path = ParseDG;
			sourceTree = "<group>";
		};
		E06E1C5421B7B2DE003B310F /* SetUp */ = {
			isa = PBXGroup;
			children = (
				E06E1C5121B717B8003B310F /* SetUpVC.h */,
				E06E1C5221B717B9003B310F /* SetUpVC.m */,
				E06E1C5521B7B468003B310F /* BoardSchemeVC.h */,
				E06E1C5621B7B468003B310F /* BoardSchemeVC.m */,
				E0454ECE22104C9300F10E5A /* PreferencesVC.h */,
				E0454ECF22104C9300F10E5A /* PreferencesVC.m */,
			);
			path = SetUp;
			sourceTree = "<group>";
		};
		E09C008821B13D010056D2A2 /* SupportingFiles */ = {
			isa = PBXGroup;
			children = (
				E0F958A621AD5B54003DAC01 /* Bilder */,
				E0F9588F21AD1688003DAC01 /* Main.storyboard */,
				E0F9589421AD168B003DAC01 /* LaunchScreen.storyboard */,
				E0F9589721AD168B003DAC01 /* Info.plist */,
				E0BDCC3921BE769900E8AF25 /* BuildInfo.sh */,
				E09C008921B13E000056D2A2 /* PrefixHeader.pch */,
			);
			path = SupportingFiles;
			sourceTree = "<group>";
		};
		E09C008A21B2FAA40056D2A2 /* Hpple */ = {
			isa = PBXGroup;
			children = (
				E09C008F21B2FADB0056D2A2 /* TFHpple.h */,
				E09C008E21B2FADB0056D2A2 /* TFHpple.m */,
				E09C008B21B2FADB0056D2A2 /* TFHppleElement.h */,
				E09C008C21B2FADB0056D2A2 /* TFHppleElement.m */,
				E09C008D21B2FADB0056D2A2 /* XPathQuery.h */,
				E09C009021B2FADB0056D2A2 /* XPathQuery.m */,
				E00EB16621C632220088501C /* ParseDG */,
			);
			path = Hpple;
			sourceTree = "<group>";
		};
		E0B0514921F4FCE400D91857 /* Frameworks */ = {
			isa = PBXGroup;
			children = (
				E0B0514A21F4FCE500D91857 /* libsqlite3.0.tbd */,
			);
			name = Frameworks;
			sourceTree = "<group>";
		};
		E0B0514C21F4FD3800D91857 /* DB */ = {
			isa = PBXGroup;
			children = (
				E0B0514E21F4FDA200D91857 /* DbConnect.h */,
				E0B0514D21F4FDA100D91857 /* DbConnect.m */,
				E0B0515021F4FECE00D91857 /* rating.sqlite */,
			);
			path = DB;
			sourceTree = "<group>";
		};
		E0BDCC3121BD13D700E8AF25 /* Boards */ = {
			isa = PBXGroup;
			children = (
				E0BDCC3221BD140300E8AF25 /* BlueWhite.png */,
				E06E1C5821B7BD94003B310F /* classic.png */,
				E0C1D82B21EB99C400494A82 /* classicHD.png */,
				E0BDCC3421BD142B00E8AF25 /* GrayRed.png */,
			);
			path = Boards;
			sourceTree = "<group>";
		};
		E0EC9559221A9CAB00E31CA0 /* Encode */ = {
			isa = PBXGroup;
			children = (
				E0EC955A221A9CF700E31CA0 /* NSCharacterSet+URLQueryValueAllowed.h */,
				E0EC955B221A9CF700E31CA0 /* NSCharacterSet+URLQueryValueAllowed.m */,
				E0EC955D221A9D5C00E31CA0 /* NSDictionary+PercentEncodeURLQueryValue.h */,
				E0EC955E221A9D5C00E31CA0 /* NSDictionary+PercentEncodeURLQueryValue.m */,
			);
			path = Encode;
			sourceTree = "<group>";
		};
		E0F9587D21AD1687003DAC01 = {
			isa = PBXGroup;
			children = (
				E0F9588821AD1688003DAC01 /* DailyGammon */,
				E0F9588721AD1688003DAC01 /* Products */,
				E0B0514921F4FCE400D91857 /* Frameworks */,
			);
			sourceTree = "<group>";
		};
		E0F9588721AD1688003DAC01 /* Products */ = {
			isa = PBXGroup;
			children = (
				E0F9588621AD1688003DAC01 /* DailyGammon.app */,
			);
			name = Products;
			sourceTree = "<group>";
		};
		E0F9588821AD1688003DAC01 /* DailyGammon */ = {
			isa = PBXGroup;
			children = (
				E06E1C5421B7B2DE003B310F /* SetUp */,
				E0F9589F21AD185C003DAC01 /* Tools */,
				E0F9588921AD1688003DAC01 /* AppDelegate.h */,
				E0F9588A21AD1688003DAC01 /* AppDelegate.m */,
				E0F9588C21AD1688003DAC01 /* LoginVC.h */,
				E0F9588D21AD1688003DAC01 /* LoginVC.m */,
				E0F958AE21ADA304003DAC01 /* TopPageVC.h */,
				E0F958AF21ADA304003DAC01 /* TopPageVC.m */,
				E0C1D82821E900BA00494A82 /* GameLounge.h */,
				E0C1D82921E900D100494A82 /* GameLounge.m */,
				E09C007221B042020056D2A2 /* PlayMatch.h */,
				E09C007321B042020056D2A2 /* PlayMatch.m */,
				E0F9589821AD168B003DAC01 /* main.m */,
				E09C008821B13D010056D2A2 /* SupportingFiles */,
			);
			path = DailyGammon;
			sourceTree = "<group>";
		};
		E0F9589F21AD185C003DAC01 /* Tools */ = {
			isa = PBXGroup;
			children = (
				E0EC9559221A9CAB00E31CA0 /* Encode */,
				E0B0514C21F4FD3800D91857 /* DB */,
				E09C008A21B2FAA40056D2A2 /* Hpple */,
				E0BDCC3621BE6AE300E8AF25 /* About.h */,
				E0BDCC3721BE6AE300E8AF25 /* About.m */,
				E0F958A021AD1884003DAC01 /* Design.h */,
				E0F958A121AD1884003DAC01 /* Design.m */,
				E09C008721B117430056D2A2 /* HeaderInclude.h */,
				E0F958A321AD4CCE003DAC01 /* Header.h */,
				E0F958A421AD4CCE003DAC01 /* Header.m */,
			);
			path = Tools;
			sourceTree = "<group>";
		};
		E0F958A621AD5B54003DAC01 /* Bilder */ = {
			isa = PBXGroup;
			children = (
				E0AEFC50220578BA00CFFB6C /* button_blau.png */,
				E0AEFC4F220578B900CFFB6C /* button_gruen.png */,
				E0AEFC4D220420D200CFFB6C /* button_rot.png */,
				E0AEFC4821FE0CC400CFFB6C /* startscreen.png */,
				E0C1D82F21EB9F5600494A82 /* app_icon.png */,
				E0BDCC3121BD13D700E8AF25 /* Boards */,
				E0C1D81B21E7CCE600494A82 /* dice_blau.png */,
				E0C1D81C21E7CCE600494A82 /* dice_gruen.png */,
				E0C1D81F21E7CCE900494A82 /* dice_rot.png */,
				E0C1D81E21E7CCE800494A82 /* pfeil_blau.png */,
				E0C1D81A21E7CCE500494A82 /* pfeil_gruen.png */,
				E0C1D81D21E7CCE700494A82 /* pfeil_rot.png */,
				E0F9589221AD168B003DAC01 /* Assets.xcassets */,
			);
			path = Bilder;
			sourceTree = "<group>";
		};
/* End PBXGroup section */

/* Begin PBXNativeTarget section */
		E0F9588521AD1688003DAC01 /* DailyGammon */ = {
			isa = PBXNativeTarget;
			buildConfigurationList = E0F9589C21AD168B003DAC01 /* Build configuration list for PBXNativeTarget "DailyGammon" */;
			buildPhases = (
				E0F9588221AD1688003DAC01 /* Sources */,
				E0F9588321AD1688003DAC01 /* Frameworks */,
				E0F9588421AD1688003DAC01 /* Resources */,
				E0BDCC3B21BE77C000E8AF25 /* ShellScript */,
			);
			buildRules = (
			);
			dependencies = (
			);
			name = DailyGammon;
			productName = DailyGammon;
			productReference = E0F9588621AD1688003DAC01 /* DailyGammon.app */;
			productType = "com.apple.product-type.application";
		};
/* End PBXNativeTarget section */

/* Begin PBXProject section */
		E0F9587E21AD1687003DAC01 /* Project object */ = {
			isa = PBXProject;
			attributes = {
				LastUpgradeCheck = 1010;
				ORGANIZATIONNAME = "Peter Schneider";
				TargetAttributes = {
					E0F9588521AD1688003DAC01 = {
						CreatedOnToolsVersion = 10.1;
					};
				};
			};
			buildConfigurationList = E0F9588121AD1687003DAC01 /* Build configuration list for PBXProject "DailyGammon" */;
			compatibilityVersion = "Xcode 9.3";
			developmentRegion = en;
			hasScannedForEncodings = 0;
			knownRegions = (
				en,
				Base,
			);
			mainGroup = E0F9587D21AD1687003DAC01;
			productRefGroup = E0F9588721AD1688003DAC01 /* Products */;
			projectDirPath = "";
			projectRoot = "";
			targets = (
				E0F9588521AD1688003DAC01 /* DailyGammon */,
			);
		};
/* End PBXProject section */

/* Begin PBXResourcesBuildPhase section */
		E0F9588421AD1688003DAC01 /* Resources */ = {
			isa = PBXResourcesBuildPhase;
			buildActionMask = 2147483647;
			files = (
				E0BDCC3521BD142B00E8AF25 /* GrayRed.png in Resources */,
				E0AEFC51220578BB00CFFB6C /* button_gruen.png in Resources */,
				E0F9589621AD168B003DAC01 /* LaunchScreen.storyboard in Resources */,
				E07CFA0D21F60BF000A5148F /* rating.sqlite in Resources */,
				E0C1D82221E7CCEA00494A82 /* dice_gruen.png in Resources */,
				E0C1D83021EB9F5800494A82 /* app_icon.png in Resources */,
				E0C1D82121E7CCEA00494A82 /* dice_blau.png in Resources */,
				E0BDCC3321BD140300E8AF25 /* BlueWhite.png in Resources */,
				E0BDCC3A21BE769A00E8AF25 /* BuildInfo.sh in Resources */,
				E0C1D82C21EB99C400494A82 /* classicHD.png in Resources */,
				E0AEFC4921FE0CC500CFFB6C /* startscreen.png in Resources */,
				E0C1D82021E7CCEA00494A82 /* pfeil_gruen.png in Resources */,
				E0C1D82321E7CCEA00494A82 /* pfeil_rot.png in Resources */,
				E0F9589321AD168B003DAC01 /* Assets.xcassets in Resources */,
				E0AEFC4E220420D300CFFB6C /* button_rot.png in Resources */,
				E0C1D82521E7CCEA00494A82 /* dice_rot.png in Resources */,
				E0F9589121AD1688003DAC01 /* Main.storyboard in Resources */,
				E0AEFC52220578BB00CFFB6C /* button_blau.png in Resources */,
				E0C1D82421E7CCEA00494A82 /* pfeil_blau.png in Resources */,
				E06E1C5921B7BD94003B310F /* classic.png in Resources */,
			);
			runOnlyForDeploymentPostprocessing = 0;
		};
/* End PBXResourcesBuildPhase section */

/* Begin PBXShellScriptBuildPhase section */
		E0BDCC3B21BE77C000E8AF25 /* ShellScript */ = {
			isa = PBXShellScriptBuildPhase;
			buildActionMask = 2147483647;
			files = (
			);
			inputFileListPaths = (
			);
			inputPaths = (
			);
			outputFileListPaths = (
			);
			outputPaths = (
			);
			runOnlyForDeploymentPostprocessing = 0;
			shellPath = /bin/sh;
			shellScript = "DailyGammon/SupportingFiles/BuildInfo.sh\n";
		};
/* End PBXShellScriptBuildPhase section */

/* Begin PBXSourcesBuildPhase section */
		E0F9588221AD1688003DAC01 /* Sources */ = {
			isa = PBXSourcesBuildPhase;
			buildActionMask = 2147483647;
			files = (
				E0EC955F221A9D5C00E31CA0 /* NSDictionary+PercentEncodeURLQueryValue.m in Sources */,
				E0BDCC4121C185A300E8AF25 /* Rating.m in Sources */,
				E09C009121B2FADB0056D2A2 /* TFHppleElement.m in Sources */,
				E0F9588E21AD1688003DAC01 /* LoginVC.m in Sources */,
				E09C009321B2FADB0056D2A2 /* XPathQuery.m in Sources */,
				E0F958B021ADA304003DAC01 /* TopPageVC.m in Sources */,
				E0454ED022104C9300F10E5A /* PreferencesVC.m in Sources */,
				E0F958A221AD1884003DAC01 /* Design.m in Sources */,
				E0EC955C221A9CF700E31CA0 /* NSCharacterSet+URLQueryValueAllowed.m in Sources */,
				E0B0514F21F4FDA200D91857 /* DbConnect.m in Sources */,
				E09C009221B2FADB0056D2A2 /* TFHpple.m in Sources */,
				E0F9589921AD168B003DAC01 /* main.m in Sources */,
				E0C1D82A21E900D100494A82 /* GameLounge.m in Sources */,
				E0BDCC3E21BEA8F900E8AF25 /* Preferences.m in Sources */,
				E09C007421B042020056D2A2 /* PlayMatch.m in Sources */,
				E06E1C5721B7B468003B310F /* BoardSchemeVC.m in Sources */,
				E0F958A521AD4CCE003DAC01 /* Header.m in Sources */,
				E0F9588B21AD1688003DAC01 /* AppDelegate.m in Sources */,
				E06E1C5321B717B9003B310F /* SetUpVC.m in Sources */,
				E0BDCC3821BE6AE300E8AF25 /* About.m in Sources */,
				E00EB16921C633580088501C /* Match.m in Sources */,
			);
			runOnlyForDeploymentPostprocessing = 0;
		};
/* End PBXSourcesBuildPhase section */

/* Begin PBXVariantGroup section */
		E0F9588F21AD1688003DAC01 /* Main.storyboard */ = {
			isa = PBXVariantGroup;
			children = (
				E0F9589021AD1688003DAC01 /* Base */,
			);
			name = Main.storyboard;
			sourceTree = "<group>";
		};
		E0F9589421AD168B003DAC01 /* LaunchScreen.storyboard */ = {
			isa = PBXVariantGroup;
			children = (
				E0F9589521AD168B003DAC01 /* Base */,
			);
			name = LaunchScreen.storyboard;
			sourceTree = "<group>";
		};
/* End PBXVariantGroup section */

/* Begin XCBuildConfiguration section */
		E0F9589A21AD168B003DAC01 /* Debug */ = {
			isa = XCBuildConfiguration;
			buildSettings = {
				ALWAYS_SEARCH_USER_PATHS = NO;
				CLANG_ANALYZER_NONNULL = YES;
				CLANG_ANALYZER_NUMBER_OBJECT_CONVERSION = YES_AGGRESSIVE;
				CLANG_CXX_LANGUAGE_STANDARD = "gnu++14";
				CLANG_CXX_LIBRARY = "libc++";
				CLANG_ENABLE_MODULES = YES;
				CLANG_ENABLE_OBJC_ARC = YES;
				CLANG_ENABLE_OBJC_WEAK = YES;
				CLANG_WARN_BLOCK_CAPTURE_AUTORELEASING = YES;
				CLANG_WARN_BOOL_CONVERSION = YES;
				CLANG_WARN_COMMA = YES;
				CLANG_WARN_CONSTANT_CONVERSION = YES;
				CLANG_WARN_DEPRECATED_OBJC_IMPLEMENTATIONS = YES;
				CLANG_WARN_DIRECT_OBJC_ISA_USAGE = YES_ERROR;
				CLANG_WARN_DOCUMENTATION_COMMENTS = YES;
				CLANG_WARN_EMPTY_BODY = YES;
				CLANG_WARN_ENUM_CONVERSION = YES;
				CLANG_WARN_INFINITE_RECURSION = YES;
				CLANG_WARN_INT_CONVERSION = YES;
				CLANG_WARN_NON_LITERAL_NULL_CONVERSION = YES;
				CLANG_WARN_OBJC_IMPLICIT_RETAIN_SELF = YES;
				CLANG_WARN_OBJC_LITERAL_CONVERSION = YES;
				CLANG_WARN_OBJC_ROOT_CLASS = YES_ERROR;
				CLANG_WARN_RANGE_LOOP_ANALYSIS = YES;
				CLANG_WARN_STRICT_PROTOTYPES = YES;
				CLANG_WARN_SUSPICIOUS_MOVE = YES;
				CLANG_WARN_UNGUARDED_AVAILABILITY = YES_AGGRESSIVE;
				CLANG_WARN_UNREACHABLE_CODE = YES;
				CLANG_WARN__DUPLICATE_METHOD_MATCH = YES;
				CODE_SIGN_IDENTITY = "iPhone Developer";
				COPY_PHASE_STRIP = NO;
				DEBUG_INFORMATION_FORMAT = dwarf;
				ENABLE_STRICT_OBJC_MSGSEND = YES;
				ENABLE_TESTABILITY = YES;
				GCC_C_LANGUAGE_STANDARD = gnu11;
				GCC_DYNAMIC_NO_PIC = NO;
				GCC_NO_COMMON_BLOCKS = YES;
				GCC_OPTIMIZATION_LEVEL = 0;
				GCC_PREPROCESSOR_DEFINITIONS = (
					"DEBUG=1",
					"$(inherited)",
				);
				GCC_WARN_64_TO_32_BIT_CONVERSION = YES;
				GCC_WARN_ABOUT_RETURN_TYPE = YES_ERROR;
				GCC_WARN_UNDECLARED_SELECTOR = YES;
				GCC_WARN_UNINITIALIZED_AUTOS = YES_AGGRESSIVE;
				GCC_WARN_UNUSED_FUNCTION = YES;
				GCC_WARN_UNUSED_VARIABLE = YES;
				HEADER_SEARCH_PATHS = "${SDKROOT}/usr/include/libxml2/**";
				IPHONEOS_DEPLOYMENT_TARGET = 11.0;
				MTL_ENABLE_DEBUG_INFO = INCLUDE_SOURCE;
				MTL_FAST_MATH = YES;
				ONLY_ACTIVE_ARCH = YES;
				OTHER_LDFLAGS = "-lxml2";
				SDKROOT = iphoneos;
			};
			name = Debug;
		};
		E0F9589B21AD168B003DAC01 /* Release */ = {
			isa = XCBuildConfiguration;
			buildSettings = {
				ALWAYS_SEARCH_USER_PATHS = NO;
				CLANG_ANALYZER_NONNULL = YES;
				CLANG_ANALYZER_NUMBER_OBJECT_CONVERSION = YES_AGGRESSIVE;
				CLANG_CXX_LANGUAGE_STANDARD = "gnu++14";
				CLANG_CXX_LIBRARY = "libc++";
				CLANG_ENABLE_MODULES = YES;
				CLANG_ENABLE_OBJC_ARC = YES;
				CLANG_ENABLE_OBJC_WEAK = YES;
				CLANG_WARN_BLOCK_CAPTURE_AUTORELEASING = YES;
				CLANG_WARN_BOOL_CONVERSION = YES;
				CLANG_WARN_COMMA = YES;
				CLANG_WARN_CONSTANT_CONVERSION = YES;
				CLANG_WARN_DEPRECATED_OBJC_IMPLEMENTATIONS = YES;
				CLANG_WARN_DIRECT_OBJC_ISA_USAGE = YES_ERROR;
				CLANG_WARN_DOCUMENTATION_COMMENTS = YES;
				CLANG_WARN_EMPTY_BODY = YES;
				CLANG_WARN_ENUM_CONVERSION = YES;
				CLANG_WARN_INFINITE_RECURSION = YES;
				CLANG_WARN_INT_CONVERSION = YES;
				CLANG_WARN_NON_LITERAL_NULL_CONVERSION = YES;
				CLANG_WARN_OBJC_IMPLICIT_RETAIN_SELF = YES;
				CLANG_WARN_OBJC_LITERAL_CONVERSION = YES;
				CLANG_WARN_OBJC_ROOT_CLASS = YES_ERROR;
				CLANG_WARN_RANGE_LOOP_ANALYSIS = YES;
				CLANG_WARN_STRICT_PROTOTYPES = YES;
				CLANG_WARN_SUSPICIOUS_MOVE = YES;
				CLANG_WARN_UNGUARDED_AVAILABILITY = YES_AGGRESSIVE;
				CLANG_WARN_UNREACHABLE_CODE = YES;
				CLANG_WARN__DUPLICATE_METHOD_MATCH = YES;
				CODE_SIGN_IDENTITY = "iPhone Developer";
				COPY_PHASE_STRIP = NO;
				DEBUG_INFORMATION_FORMAT = "dwarf-with-dsym";
				ENABLE_NS_ASSERTIONS = NO;
				ENABLE_STRICT_OBJC_MSGSEND = YES;
				GCC_C_LANGUAGE_STANDARD = gnu11;
				GCC_NO_COMMON_BLOCKS = YES;
				GCC_WARN_64_TO_32_BIT_CONVERSION = YES;
				GCC_WARN_ABOUT_RETURN_TYPE = YES_ERROR;
				GCC_WARN_UNDECLARED_SELECTOR = YES;
				GCC_WARN_UNINITIALIZED_AUTOS = YES_AGGRESSIVE;
				GCC_WARN_UNUSED_FUNCTION = YES;
				GCC_WARN_UNUSED_VARIABLE = YES;
				HEADER_SEARCH_PATHS = "${SDKROOT}/usr/include/libxml2/**";
				IPHONEOS_DEPLOYMENT_TARGET = 11.0;
				MTL_ENABLE_DEBUG_INFO = NO;
				MTL_FAST_MATH = YES;
				OTHER_LDFLAGS = "-lxml2";
				SDKROOT = iphoneos;
				VALIDATE_PRODUCT = YES;
			};
			name = Release;
		};
		E0F9589D21AD168B003DAC01 /* Debug */ = {
			isa = XCBuildConfiguration;
			buildSettings = {
				ASSETCATALOG_COMPILER_APPICON_NAME = AppIcon;
				CODE_SIGN_STYLE = Automatic;
				DEVELOPMENT_TEAM = VL8Y87Y9PB;
				GCC_PREFIX_HEADER = DailyGammon/SupportingFiles/PrefixHeader.pch;
				INFOPLIST_FILE = DailyGammon/SupportingFiles/Info.plist;
				LD_RUNPATH_SEARCH_PATHS = (
					"$(inherited)",
					"@executable_path/Frameworks",
				);
				PRODUCT_BUNDLE_IDENTIFIER = de.hape42.dailygammon;
				PRODUCT_NAME = "$(TARGET_NAME)";
				TARGETED_DEVICE_FAMILY = 2;
			};
			name = Debug;
		};
		E0F9589E21AD168B003DAC01 /* Release */ = {
			isa = XCBuildConfiguration;
			buildSettings = {
				ASSETCATALOG_COMPILER_APPICON_NAME = AppIcon;
				CODE_SIGN_STYLE = Automatic;
				DEVELOPMENT_TEAM = VL8Y87Y9PB;
				GCC_PREFIX_HEADER = DailyGammon/SupportingFiles/PrefixHeader.pch;
				INFOPLIST_FILE = DailyGammon/SupportingFiles/Info.plist;
				LD_RUNPATH_SEARCH_PATHS = (
					"$(inherited)",
					"@executable_path/Frameworks",
				);
				PRODUCT_BUNDLE_IDENTIFIER = de.hape42.dailygammon;
				PRODUCT_NAME = "$(TARGET_NAME)";
				TARGETED_DEVICE_FAMILY = 2;
			};
			name = Release;
		};
/* End XCBuildConfiguration section */

/* Begin XCConfigurationList section */
		E0F9588121AD1687003DAC01 /* Build configuration list for PBXProject "DailyGammon" */ = {
			isa = XCConfigurationList;
			buildConfigurations = (
				E0F9589A21AD168B003DAC01 /* Debug */,
				E0F9589B21AD168B003DAC01 /* Release */,
			);
			defaultConfigurationIsVisible = 0;
			defaultConfigurationName = Release;
		};
		E0F9589C21AD168B003DAC01 /* Build configuration list for PBXNativeTarget "DailyGammon" */ = {
			isa = XCConfigurationList;
			buildConfigurations = (
				E0F9589D21AD168B003DAC01 /* Debug */,
				E0F9589E21AD168B003DAC01 /* Release */,
			);
			defaultConfigurationIsVisible = 0;
			defaultConfigurationName = Release;
		};
/* End XCConfigurationList section */
	};
	rootObject = E0F9587E21AD1687003DAC01 /* Project object */;
}
